<Solution>
  <Configurations>
    <Platform Name="Any CPU" />
    <Platform Name="x64" />
    <Platform Name="x86" />
  </Configurations>
  <Folder Name="/core/">
    <File Path="deploy-core.bat" />
    <File Path="graphs/package_dependencies.dot" />
    <File Path="graphs/package_dependencies.png" />
    <File Path="reports/conversion_report.html" />
    <File Path="stdlib_conversion_progress.txt" />
    <Project Path="core/errors/errors.csproj" />
    <Project Path="core/fmt/fmt.csproj" />
    <Project Path="core/go2cs/go2cs.shproj" />
    <Project Path="core/golib/golib.csproj" />
    <Project Path="core/internal/abi/internal.abi.csproj" />
    <Project Path="core/internal/goarch/internal.goarch.csproj" />
    <Project Path="core/internal/reflectlite/internal.reflectlite.csproj" />
    <Project Path="core/internal/unsafeheader/internal.unsafeheader.csproj" />
    <Project Path="core/io/io.csproj" />
    <Project Path="core/math/math.csproj" />
    <Project Path="core/math/rand/math.rand.csproj" />
    <Project Path="core/sort/sort.csproj" />
    <Project Path="core/strings/strings.csproj" />
    <Project Path="core/sync/sync.csproj" />
    <Project Path="core/sync/atomic/sync.atomic.csproj" />
    <Project Path="core/time/time.csproj" />
    <Project Path="core/unsafe/unsafe.csproj" />
  </Folder>
  <Folder Name="/docs/">
    <File Path="../.gitattributes" />
    <File Path="../.gitignore" />
    <File Path="../CLAUDE.md" />
    <File Path="../docs/Architecture.md" />
    <File Path="../docs/Background.md" />
    <File Path="../docs/Baseline-vs-FullConversion.md" />
    <File Path="../docs/CNAME" />
    <File Path="../docs/coding-style.md" />
    <File Path="../docs/ConversionStrategies.md" />
    <File Path="../docs/README.md" />
    <File Path="../docs/Roadmap.md" />
    <File Path="../docs/SECURITY.md" />
    <File Path="../LICENSE" />
    <File Path="../NOTICE" />
  </Folder>
  <Folder Name="/go2cs/">
    <Project Path="gen/go2cs-gen/go2cs-gen.csproj" />
    <Project Path="go2cs-src.shproj" />
  </Folder>
  <Folder Name="/tests/" />
  <Folder Name="/tests/behavioral/">
    <Project Path="Tests/Behavioral/BehavioralRunner/BehavioralRunner.csproj" />
    <Project Path="Tests/Behavioral/BehavioralTests/BehavioralTests.csproj" />
  </Folder>
  <Folder Name="/tests/behavioral/target-projects/">
    <Project Path="Tests/Behavioral/AliasStructComposite/AliasStructComposite.csproj" />
    <Project Path="Tests/Behavioral/AndNotAssignNarrow/AndNotAssignNarrow.csproj" />
    <Project Path="Tests/Behavioral/AnonInterfaceCrossFile/AnonInterfaceCrossFile.csproj" />
    <Project Path="Tests/Behavioral/AnonStructArrayElement/AnonStructArrayElement.csproj" />
    <Project Path="Tests/Behavioral/AnonymousInterfaces/AnonymousInterfaces.csproj" />
    <Project Path="Tests/Behavioral/AnonymousStructs/AnonymousStructs.csproj" />
    <Project Path="Tests/Behavioral/AnyKeyMap/AnyKeyMap.csproj" />
    <Project Path="Tests/Behavioral/AnyStringLitAssign/AnyStringLitAssign.csproj" />
    <Project Path="Tests/Behavioral/AnyStringLitChanSend/AnyStringLitChanSend.csproj" />
    <Project Path="Tests/Behavioral/AnyStringLitComposite/AnyStringLitComposite.csproj" />
    <Project Path="Tests/Behavioral/AppendNamedSliceElement/AppendNamedSliceElement.csproj" />
    <Project Path="Tests/Behavioral/AppendUntypedConst/AppendUntypedConst.csproj" />
    <Project Path="Tests/Behavioral/BigUntypedConstComparison/BigUntypedConstComparison.csproj" />
    <Project Path="Tests/Behavioral/BitwiseUntypedConst/BitwiseUntypedConst.csproj" />
    <Project Path="Tests/Behavioral/BlankIdentifierCollision/BlankIdentifierCollision.csproj" />
    <Project Path="Tests/Behavioral/BlankMultiResult/BlankMultiResult.csproj" />
    <Project Path="Tests/Behavioral/BlankNamedReturn/BlankNamedReturn.csproj" />
    <Project Path="Tests/Behavioral/BoxedMapFieldWrite/BoxedMapFieldWrite.csproj" />
    <Project Path="Tests/Behavioral/BuiltinShadowLocal/BuiltinShadowLocal.csproj" />
    <Project Path="Tests/Behavioral/ArrayOfCrossPackageType/ArrayOfCrossPackageType.csproj" />
    <Project Path="Tests/Behavioral/ArrayPassByValue/ArrayPassByValue.csproj" />
    <Project Path="Tests/Behavioral/ArrayWideIndexAddress/ArrayWideIndexAddress.csproj" />
    <Project Path="Tests/Behavioral/AtomicFieldThroughPointer/AtomicFieldThroughPointer.csproj" />
    <Project Path="Tests/Behavioral/AtomicValues/AtomicValues.csproj" />
    <Project Path="Tests/Behavioral/CaptureModeParamClosure/CaptureModeParamClosure.csproj" />
    <Project Path="Tests/Behavioral/CaptureModeValueParam/CaptureModeValueParam.csproj" />
    <Project Path="Tests/Behavioral/CaptureModeValueParamLib/CaptureModeValueParamLib.csproj" />
    <Project Path="Tests/Behavioral/CaptureModeValueParamUser/CaptureModeValueParamUser.csproj" />
    <Project Path="Tests/Behavioral/CastNegativeNamedType/CastNegativeNamedType.csproj" />
    <Project Path="Tests/Behavioral/ChannelReceiveFromClosed/ChannelReceiveFromClosed.csproj" />
    <Project Path="Tests/Behavioral/ChannelReceiveFromNil/ChannelReceiveFromNil.csproj" />
    <Project Path="Tests/Behavioral/ChannelSendToClosed/ChannelSendToClosed.csproj" />
    <Project Path="Tests/Behavioral/ChannelSendToNil/ChannelSendToNil.csproj" />
    <Project Path="Tests/Behavioral/ClearBuiltinShadow/ClearBuiltinShadow.csproj" />
    <Project Path="Tests/Behavioral/ClosureBareReturnNamedResults/ClosureBareReturnNamedResults.csproj" />
    <Project Path="Tests/Behavioral/ClosureCapturedPointerAddress/ClosureCapturedPointerAddress.csproj" />
    <Project Path="Tests/Behavioral/ClosureDefer/ClosureDefer.csproj" />
    <Project Path="Tests/Behavioral/ClosureEmbeddedPromotedPtrMethod/ClosureEmbeddedPromotedPtrMethod.csproj" />
    <Project Path="Tests/Behavioral/ClosureMixedReturnUnsigned/ClosureMixedReturnUnsigned.csproj" />
    <Project Path="Tests/Behavioral/ClosureParamShadow/ClosureParamShadow.csproj" />
    <Project Path="Tests/Behavioral/ClosureReassignsPtrParam/ClosureReassignsPtrParam.csproj" />
    <Project Path="Tests/Behavioral/ClosureReturnAnonStruct/ClosureReturnAnonStruct.csproj" />
    <Project Path="Tests/Behavioral/ClosureSelfShadowCapture/ClosureSelfShadowCapture.csproj" />
    <Project Path="Tests/Behavioral/CollisionFieldBoxAccessor/CollisionFieldBoxAccessor.csproj" />
    <Project Path="Tests/Behavioral/CollisionRenamedLocalBox/CollisionRenamedLocalBox.csproj" />
    <Project Path="Tests/Behavioral/ComplexImaginaryShadow/ComplexImaginaryShadow.csproj" />
    <Project Path="Tests/Behavioral/CombinedStructFields/CombinedStructFields.csproj" />
    <Project Path="Tests/Behavioral/ConstShadowsParam/ConstShadowsParam.csproj" />
    <Project Path="Tests/Behavioral/Constraints/Constraints.csproj" />
    <Project Path="Tests/Behavioral/CrossPkgBox/CrossPkgBox.csproj" />
    <Project Path="Tests/Behavioral/CrossPkgFuncLib/CrossPkgFuncLib.csproj" />
    <Project Path="Tests/Behavioral/CrossPkgLib/CrossPkgLib.csproj" />
    <Project Path="Tests/Behavioral/CrossPkgSameNameAlias/CrossPkgSameNameAlias.csproj" />
    <Project Path="Tests/Behavioral/CrossPkgUser/CrossPkgUser.csproj" />
    <Project Path="Tests/Behavioral/DeferCallOrder/DeferCallOrder.csproj" />
    <Project Path="Tests/Behavioral/DeferClosure/DeferClosure.csproj" />
    <Project Path="Tests/Behavioral/DeferEvalParam/DeferEvalParam.csproj" />
    <Project Path="Tests/Behavioral/DeferEvalParamFunc/DeferEvalParamFunc.csproj" />
    <Project Path="Tests/Behavioral/DeferHeapFieldPtrMethod/DeferHeapFieldPtrMethod.csproj" />
    <Project Path="Tests/Behavioral/DeferHeapLocalPtrMethod/DeferHeapLocalPtrMethod.csproj" />
    <Project Path="Tests/Behavioral/DeferInterfaceReturn/DeferInterfaceReturn.csproj" />
    <Project Path="Tests/Behavioral/DeferLambdaParam/DeferLambdaParam.csproj" />
    <Project Path="Tests/Behavioral/DeferSimple/DeferSimple.csproj" />
    <Project Path="Tests/Behavioral/DeferTypelessReturns/DeferTypelessReturns.csproj" />
    <Project Path="Tests/Behavioral/DeferValueFieldPtrReceiver/DeferValueFieldPtrReceiver.csproj" />
    <Project Path="Tests/Behavioral/DefinedTypeOverInterface/DefinedTypeOverInterface.csproj" />
    <Project Path="Tests/Behavioral/DefinedTypeOverPkgType/DefinedTypeOverPkgType.csproj" />
    <Project Path="Tests/Behavioral/DerefPointerToField/DerefPointerToField.csproj" />
    <Project Path="Tests/Behavioral/DirectBoxReceiverPassedWhole/DirectBoxReceiverPassedWhole.csproj" />
    <Project Path="Tests/Behavioral/DivideByZeroPanic/DivideByZeroPanic.csproj" />
    <Project Path="Tests/Behavioral/DynamicInterfaceKeywordMethod/DynamicInterfaceKeywordMethod.csproj" />
    <Project Path="Tests/Behavioral/ElementAddressUnsignedIndex/ElementAddressUnsignedIndex.csproj" />
    <Project Path="Tests/Behavioral/ElidedNestedPtrComposite/ElidedNestedPtrComposite.csproj" />
    <Project Path="Tests/Behavioral/EmbeddedValuePointerMethod/EmbeddedValuePointerMethod.csproj" />
    <Project Path="Tests/Behavioral/EmptyStructMapSet/EmptyStructMapSet.csproj" />
    <Project Path="Tests/Behavioral/ErrorfFormatting/ErrorfFormatting.csproj" />
    <Project Path="Tests/Behavioral/EscapedLoopVarSiblingIndex/EscapedLoopVarSiblingIndex.csproj" />
    <Project Path="Tests/Behavioral/ExprSwitch/ExprSwitch.csproj" />
    <Project Path="Tests/Behavioral/FieldChainBoxReceiver/FieldChainBoxReceiver.csproj" />
    <Project Path="Tests/Behavioral/FieldNameShadowsLoopVar/FieldNameShadowsLoopVar.csproj" />
    <Project Path="Tests/Behavioral/FieldNameTypeMethodCollision/FieldNameTypeMethodCollision.csproj" />
    <Project Path="Tests/Behavioral/FieldNamedAsType/FieldNamedAsType.csproj" />
    <Project Path="Tests/Behavioral/FileNameBuildConstraints/FileNameBuildConstraints.csproj" />
    <Project Path="Tests/Behavioral/FirstClassFunctions/FirstClassFunctions.csproj" />
    <Project Path="Tests/Behavioral/FloatConstIntContext/FloatConstIntContext.csproj" />
    <Project Path="Tests/Behavioral/ForInitMixedTypes/ForInitMixedTypes.csproj" />
    <Project Path="Tests/Behavioral/ForInitShadowedUse/ForInitShadowedUse.csproj" />
    <Project Path="Tests/Behavioral/ForMethodInitPost/ForMethodInitPost.csproj" />
    <Project Path="Tests/Behavioral/ForVarMasksBlockLevel/ForVarMasksBlockLevel.csproj" />
    <Project Path="Tests/Behavioral/ForVarMasksFuncLevel/ForVarMasksFuncLevel.csproj" />
    <Project Path="Tests/Behavioral/ForVariants/ForVariants.csproj" />
    <Project Path="Tests/Behavioral/FuncFieldNestedTupleParam/FuncFieldNestedTupleParam.csproj" />
    <Project Path="Tests/Behavioral/FuncFieldUnexportedType/FuncFieldUnexportedType.csproj" />
    <Project Path="Tests/Behavioral/FuncLitArgCapture/FuncLitArgCapture.csproj" />
    <Project Path="Tests/Behavioral/FuncLitCaptureInCondition/FuncLitCaptureInCondition.csproj" />
    <Project Path="Tests/Behavioral/FuncLitStringConcatReturn/FuncLitStringConcatReturn.csproj" />
    <Project Path="Tests/Behavioral/FuncTypeParam/FuncTypeParam.csproj" />
    <Project Path="Tests/Behavioral/FuncVsMethodOverload/FuncVsMethodOverload.csproj" />
    <Project Path="Tests/Behavioral/GenericArrayConstraint/GenericArrayConstraint.csproj" />
    <Project Path="Tests/Behavioral/GenericAtomicPointerField/GenericAtomicPointerField.csproj" />
    <Project Path="Tests/Behavioral/GenericCompositeLiterals/GenericCompositeLiterals.csproj" />
    <Project Path="Tests/Behavioral/GenericCompositeType/GenericCompositeType.csproj" />
    <Project Path="Tests/Behavioral/GenericEmbedPromotion/GenericEmbedPromotion.csproj" />
    <Project Path="Tests/Behavioral/GenericFuncCall/GenericFuncCall.csproj" />
    <Project Path="Tests/Behavioral/GenericFuncDecl/GenericFuncDecl.csproj" />
    <Project Path="Tests/Behavioral/GenericNamedArrayType/GenericNamedArrayType.csproj" />
    <Project Path="Tests/Behavioral/GenericInterfaceConstraint/GenericInterfaceConstraint.csproj" />
    <Project Path="Tests/Behavioral/GenericPointerInterfaceImpl/GenericPointerInterfaceImpl.csproj" />
    <Project Path="Tests/Behavioral/GenericReceiverFieldAddress/GenericReceiverFieldAddress.csproj" />
    <Project Path="Tests/Behavioral/GenericStringTypeArg/GenericStringTypeArg.csproj" />
    <Project Path="Tests/Behavioral/GenericStructFields/GenericStructFields.csproj" />
    <Project Path="Tests/Behavioral/GenericTypeAssertions/GenericTypeAssertions.csproj" />
    <Project Path="Tests/Behavioral/GenericTypeDecl/GenericTypeDecl.csproj" />
    <Project Path="Tests/Behavioral/GenericTypeInference/GenericTypeInference.csproj" />
    <Project Path="Tests/Behavioral/GenericTypeInstantiation/GenericTypeInstantiation.csproj" />
    <Project Path="Tests/Behavioral/GenericVariadicFunc/GenericVariadicFunc.csproj" />
    <Project Path="Tests/Behavioral/GlobalCapturedInClosure/GlobalCapturedInClosure.csproj" />
    <Project Path="Tests/Behavioral/GlobalArrayElementFieldAddress/GlobalArrayElementFieldAddress.csproj" />
    <Project Path="Tests/Behavioral/GlobalArrayElementMethod/GlobalArrayElementMethod.csproj" />
    <Project Path="Tests/Behavioral/GlobalAtomicDefer/GlobalAtomicDefer.csproj" />
    <Project Path="Tests/Behavioral/GlobalAtomicFieldMethod/GlobalAtomicFieldMethod.csproj" />
    <Project Path="Tests/Behavioral/GlobalNestedFieldAddress/GlobalNestedFieldAddress.csproj" />
    <Project Path="Tests/Behavioral/GlobalPointerWalk/GlobalPointerWalk.csproj" />
    <Project Path="Tests/Behavioral/GlobalShadowedByLocal/GlobalShadowedByLocal.csproj" />
    <Project Path="Tests/Behavioral/GlobalStructFieldPointers/GlobalStructFieldPointers.csproj" />
    <Project Path="Tests/Behavioral/GlobalTupleVarDecl/GlobalTupleVarDecl.csproj" />
    <Project Path="Tests/Behavioral/GoCallVariations/GoCallVariations.csproj" />
    <Project Path="Tests/Behavioral/GoNamespaceShadow/GoNamespaceShadow.csproj" />
    <Project Path="Tests/Behavioral/GoStmtReceiverLambda/GoStmtReceiverLambda.csproj" />
    <Project Path="Tests/Behavioral/GoStmtValueReturn/GoStmtValueReturn.csproj" />
    <Project Path="Tests/Behavioral/HeapKeywordVar/HeapKeywordVar.csproj" />
    <Project Path="Tests/Behavioral/HexByteStringLiteral/HexByteStringLiteral.csproj" />
    <Project Path="Tests/Behavioral/IfStatements/IfStatements.csproj" />
    <Project Path="Tests/Behavioral/IfaceToIfaceNarrow/IfaceToIfaceNarrow.csproj" />
    <Project Path="Tests/Behavioral/IncDecPointerField/IncDecPointerField.csproj" />
    <Project Path="Tests/Behavioral/IndexedElementDirectBoxMethod/IndexedElementDirectBoxMethod.csproj" />
    <Project Path="Tests/Behavioral/ImmediatelyInvokedFunc/ImmediatelyInvokedFunc.csproj" />
    <Project Path="Tests/Behavioral/IfaceFieldMethodValueBind/IfaceFieldMethodValueBind.csproj" />
    <Project Path="Tests/Behavioral/IndexExprCaseLabel/IndexExprCaseLabel.csproj" />
    <Project Path="Tests/Behavioral/InferredForeignTypeNoImport/InferredForeignTypeNoImport.csproj" />
    <Project Path="Tests/Behavioral/InterfaceCasting/InterfaceCasting.csproj" />
    <Project Path="Tests/Behavioral/InterfaceFieldNamedScalar/InterfaceFieldNamedScalar.csproj" />
    <Project Path="Tests/Behavioral/InterfaceImplementation/InterfaceImplementation.csproj" />
    <Project Path="Tests/Behavioral/InterfaceInheritance/InterfaceInheritance.csproj" />
    <Project Path="Tests/Behavioral/InterfaceIntraFunction/InterfaceIntraFunction.csproj" />
    <Project Path="Tests/Behavioral/InterfaceMapKeyPointer/InterfaceMapKeyPointer.csproj" />
    <Project Path="Tests/Behavioral/InterfaceToInterfaceAdapter/InterfaceToInterfaceAdapter.csproj" />
    <Project Path="Tests/Behavioral/IntMinLiterals/IntMinLiterals.csproj" />
    <Project Path="Tests/Behavioral/IotaEnum/IotaEnum.csproj" />
    <Project Path="Tests/Behavioral/KeywordNamedTypes/KeywordNamedTypes.csproj" />
    <Project Path="Tests/Behavioral/KeywordTrueFalseIdent/KeywordTrueFalseIdent.csproj" />
    <Project Path="Tests/Behavioral/LambdaFunctions/LambdaFunctions.csproj" />
    <Project Path="Tests/Behavioral/LambdaReturnsPointerParam/LambdaReturnsPointerParam.csproj" />
    <Project Path="Tests/Behavioral/LabeledEmptyStmt/LabeledEmptyStmt.csproj" />
    <Project Path="Tests/Behavioral/LargeUintptrConst/LargeUintptrConst.csproj" />
    <Project Path="Tests/Behavioral/LocalStructFieldAddr/LocalStructFieldAddr.csproj" />
    <Project Path="Tests/Behavioral/LocalTypeSliceElement/LocalTypeSliceElement.csproj" />
    <Project Path="Tests/Behavioral/MakeLenNamedNumeric/MakeLenNamedNumeric.csproj" />
    <Project Path="Tests/Behavioral/MakeSliceUintptrLen/MakeSliceUintptrLen.csproj" />
    <Project Path="Tests/Behavioral/MapAnonStructValue/MapAnonStructValue.csproj" />
    <Project Path="Tests/Behavioral/MapCommaOk/MapCommaOk.csproj" />
    <Project Path="Tests/Behavioral/MapPointerElementLiteral/MapPointerElementLiteral.csproj" />
    <Project Path="Tests/Behavioral/MethodGroupGenericArg/MethodGroupGenericArg.csproj" />
    <Project Path="Tests/Behavioral/MethodOnBoxedGlobalIndex/MethodOnBoxedGlobalIndex.csproj" />
    <Project Path="Tests/Behavioral/MapSamePackageTypes/MapSamePackageTypes.csproj" />
    <Project Path="Tests/Behavioral/MethodExpression/MethodExpression.csproj" />
    <Project Path="Tests/Behavioral/MethodSelector/MethodSelector.csproj" />
    <Project Path="Tests/Behavioral/MethodValueReassignCapture/MethodValueReassignCapture.csproj" />
    <Project Path="Tests/Behavioral/MethodlessFuncType/MethodlessFuncType.csproj" />
    <Project Path="Tests/Behavioral/MethodlessFuncTypeAssert/MethodlessFuncTypeAssert.csproj" />
    <Project Path="Tests/Behavioral/MinMaxBuiltin/MinMaxBuiltin.csproj" />
    <Project Path="Tests/Behavioral/NamedArrayAnonElement/NamedArrayAnonElement.csproj" />
    <Project Path="Tests/Behavioral/NamedArrayComposite/NamedArrayComposite.csproj" />
    <Project Path="Tests/Behavioral/NamedArrayKeyedLiteral/NamedArrayKeyedLiteral.csproj" />
    <Project Path="Tests/Behavioral/NamedArrayWrapper/NamedArrayWrapper.csproj" />
    <Project Path="Tests/Behavioral/NamedBooleanLogic/NamedBooleanLogic.csproj" />
    <Project Path="Tests/Behavioral/NamedFuncResultPointerArg/NamedFuncResultPointerArg.csproj" />
    <Project Path="Tests/Behavioral/NamedFuncTypeMapParam/NamedFuncTypeMapParam.csproj" />
    <Project Path="Tests/Behavioral/NamedFuncTypeStateMachine/NamedFuncTypeStateMachine.csproj" />
    <Project Path="Tests/Behavioral/NamedMapValuesCollision/NamedMapValuesCollision.csproj" />
    <Project Path="Tests/Behavioral/NamedMapCrossPkgKey/NamedMapCrossPkgKey.csproj" />
    <Project Path="Tests/Behavioral/NamedPointerReinterpret/NamedPointerReinterpret.csproj" />
    <Project Path="Tests/Behavioral/NamedResultLambdaInfer/NamedResultLambdaInfer.csproj" />
    <Project Path="Tests/Behavioral/NamedReturnDefer/NamedReturnDefer.csproj" />
    <Project Path="Tests/Behavioral/NamedSliceCaptureMethod/NamedSliceCaptureMethod.csproj" />
    <Project Path="Tests/Behavioral/NamedSliceConversion/NamedSliceConversion.csproj" />
    <Project Path="Tests/Behavioral/NamedSlicePointerReinterpret/NamedSlicePointerReinterpret.csproj" />
    <Project Path="Tests/Behavioral/NamedSlicePointerElements/NamedSlicePointerElements.csproj" />
    <Project Path="Tests/Behavioral/NamedStringConversion/NamedStringConversion.csproj" />
    <Project Path="Tests/Behavioral/NamedStringConsts/NamedStringConsts.csproj" />
    <Project Path="Tests/Behavioral/NamedStringDefine/NamedStringDefine.csproj" />
    <Project Path="Tests/Behavioral/NamedTypeBitwiseConst/NamedTypeBitwiseConst.csproj" />
    <Project Path="Tests/Behavioral/NamedTypeOverStruct/NamedTypeOverStruct.csproj" />
    <Project Path="Tests/Behavioral/NamedIntSignednessConv/NamedIntSignednessConv.csproj" />
    <Project Path="Tests/Behavioral/NamedNumericConstCast/NamedNumericConstCast.csproj" />
    <Project Path="Tests/Behavioral/NamedNumericConversion/NamedNumericConversion.csproj" />
    <Project Path="Tests/Behavioral/NamedNumericIncDec/NamedNumericIncDec.csproj" />
    <Project Path="Tests/Behavioral/NamedNumericIntCast/NamedNumericIntCast.csproj" />
    <Project Path="Tests/Behavioral/NamedNumericOperatorConstraint/NamedNumericOperatorConstraint.csproj" />
    <Project Path="Tests/Behavioral/NamedNumericPointerReinterpret/NamedNumericPointerReinterpret.csproj" />
    <Project Path="Tests/Behavioral/NamedNumericSliceIndex/NamedNumericSliceIndex.csproj" />
    <Project Path="Tests/Behavioral/NamedNumericSwitchLiteral/NamedNumericSwitchLiteral.csproj" />
    <Project Path="Tests/Behavioral/NamedNumericShiftConv/NamedNumericShiftConv.csproj" />
    <Project Path="Tests/Behavioral/NarrowArithmeticArg/NarrowArithmeticArg.csproj" />
    <Project Path="Tests/Behavioral/NarrowByteArithFirstOperandCast/NarrowByteArithFirstOperandCast.csproj" />
    <Project Path="Tests/Behavioral/NarrowByteArithReturn/NarrowByteArithReturn.csproj" />
    <Project Path="Tests/Behavioral/NativeIntConstMask/NativeIntConstMask.csproj" />
    <Project Path="Tests/Behavioral/NativeIntWideConstAssign/NativeIntWideConstAssign.csproj" />
    <Project Path="Tests/Behavioral/NestedAliasUser/NestedAliasUser.csproj" />
    <Project Path="Tests/Behavioral/NestedAliasUser/inner/NestedAliasUser.inner.csproj" />
    <Project Path="Tests/Behavioral/NestedEmbeddingPromotion/NestedEmbeddingPromotion.csproj" />
    <Project Path="Tests/Behavioral/NestedFieldElementAddr/NestedFieldElementAddr.csproj" />
    <Project Path="Tests/Behavioral/NestedFieldPointerAssign/NestedFieldPointerAssign.csproj" />
    <Project Path="Tests/Behavioral/NestedGenericTypes/NestedGenericTypes.csproj" />
    <Project Path="Tests/Behavioral/NestedLambdaReceiverField/NestedLambdaReceiverField.csproj" />
    <Project Path="Tests/Behavioral/NestedMapAssign/NestedMapAssign.csproj" />
    <Project Path="Tests/Behavioral/NestedVarShadow/NestedVarShadow.csproj" />
    <Project Path="Tests/Behavioral/NewAnonStructIfaceEmbed/NewAnonStructIfaceEmbed.csproj" />
    <Project Path="Tests/Behavioral/NilMapOperations/NilMapOperations.csproj" />
    <Project Path="Tests/Behavioral/PackageShadowParam/PackageShadowParam.csproj" />
    <Project Path="Tests/Behavioral/PackageShadowPointerParam/PackageShadowPointerParam.csproj" />
    <Project Path="Tests/Behavioral/PanicRecover/PanicRecover.csproj" />
    <Project Path="Tests/Behavioral/PartialRedeclaration/PartialRedeclaration.csproj" />
    <Project Path="Tests/Behavioral/PointerArraySlice/PointerArraySlice.csproj" />
    <Project Path="Tests/Behavioral/PointerParamWalk/PointerParamWalk.csproj" />
    <Project Path="Tests/Behavioral/PointerArrayRange/PointerArrayRange.csproj" />
    <Project Path="Tests/Behavioral/PointerCastSliceRange/PointerCastSliceRange.csproj" />
    <Project Path="Tests/Behavioral/PointerCoreConstraints/PointerCoreConstraints.csproj" />
    <Project Path="Tests/Behavioral/PointerSelectorDeref/PointerSelectorDeref.csproj" />
    <Project Path="Tests/Behavioral/PointerCopyWalk/PointerCopyWalk.csproj" />
    <Project Path="Tests/Behavioral/PointerEmbedBoxReceiver/PointerEmbedBoxReceiver.csproj" />
    <Project Path="Tests/Behavioral/PointerEmbeddingPromotion/PointerEmbeddingPromotion.csproj" />
    <Project Path="Tests/Behavioral/PointerFieldArrayElementAddress/PointerFieldArrayElementAddress.csproj" />
    <Project Path="Tests/Behavioral/PointerFieldOfBoxedGlobal/PointerFieldOfBoxedGlobal.csproj" />
    <Project Path="Tests/Behavioral/PointerInterfaceStructField/PointerInterfaceStructField.csproj" />
    <Project Path="Tests/Behavioral/PointerParamCapturedInClosure/PointerParamCapturedInClosure.csproj" />
    <Project Path="Tests/Behavioral/PointerParamInClosure/PointerParamInClosure.csproj" />
    <Project Path="Tests/Behavioral/PointerParamNilWalk/PointerParamNilWalk.csproj" />
    <Project Path="Tests/Behavioral/PointerReceiverPointerLocalField/PointerReceiverPointerLocalField.csproj" />
    <Project Path="Tests/Behavioral/PointerRvalueFieldReceiver/PointerRvalueFieldReceiver.csproj" />
    <Project Path="Tests/Behavioral/PointerToPointer/PointerToPointer.csproj" />
    <Project Path="Tests/Behavioral/PrintfWidthFlags/PrintfWidthFlags.csproj" />
    <Project Path="Tests/Behavioral/PromotedEmbedLib/PromotedEmbedLib.csproj" />
    <Project Path="Tests/Behavioral/PromotedEmbedUser/PromotedEmbedUser.csproj" />
    <Project Path="Tests/Behavioral/PromotedFieldNameIsType/PromotedFieldNameIsType.csproj" />
    <Project Path="Tests/Behavioral/PromotedFieldPointerDeref/PromotedFieldPointerDeref.csproj" />
    <Project Path="Tests/Behavioral/PromotedValueEmbedExprRecv/PromotedValueEmbedExprRecv.csproj" />
    <Project Path="Tests/Behavioral/PromotedValueEmbedLib/PromotedValueEmbedLib.csproj" />
    <Project Path="Tests/Behavioral/PromotedValueEmbedUser/PromotedValueEmbedUser.csproj" />
    <Project Path="Tests/Behavioral/PublicizedFieldType/PublicizedFieldType.csproj" />
    <Project Path="Tests/Behavioral/PublicizedFuncTypeParam/PublicizedFuncTypeParam.csproj" />
    <Project Path="Tests/Behavioral/RangeShadowSelectorMethod/RangeShadowSelectorMethod.csproj" />
    <Project Path="Tests/Behavioral/PublicizedInterfaceAnonAlias/PublicizedInterfaceAnonAlias.csproj" />
    <Project Path="Tests/Behavioral/PublicizedInterfaceParam/PublicizedInterfaceParam.csproj" />
    <Project Path="Tests/Behavioral/RangePointerArrayConversion/RangePointerArrayConversion.csproj" />
    <Project Path="Tests/Behavioral/RangeStatements/RangeStatements.csproj" />
    <Project Path="Tests/Behavioral/RangeVarHeapBox/RangeVarHeapBox.csproj" />
    <Project Path="Tests/Behavioral/RangeVarReassign/RangeVarReassign.csproj" />
    <Project Path="Tests/Behavioral/ReceiverCapturedInClosure/ReceiverCapturedInClosure.csproj" />
    <Project Path="Tests/Behavioral/ReceiverFieldAddress/ReceiverFieldAddress.csproj" />
    <Project Path="Tests/Behavioral/ReceiverFieldMethodCall/ReceiverFieldMethodCall.csproj" />
    <Project Path="Tests/Behavioral/ReceiverPointerValue/ReceiverPointerValue.csproj" />
    <Project Path="Tests/Behavioral/RecvMapElementDeref/RecvMapElementDeref.csproj" />
    <Project Path="Tests/Behavioral/RenamedReceiverBox/RenamedReceiverBox.csproj" />
    <Project Path="Tests/Behavioral/ReturnPointerFieldOfParam/ReturnPointerFieldOfParam.csproj" />
    <Project Path="Tests/Behavioral/ReturnTupleFuncLitArg/ReturnTupleFuncLitArg.csproj" />
    <Project Path="Tests/Behavioral/ReservedTypeMethodCollision/ReservedTypeMethodCollision.csproj" />
    <Project Path="Tests/Behavioral/RelationalPatternGuard/RelationalPatternGuard.csproj" />
    <Project Path="Tests/Behavioral/RingPointerMethods/RingPointerMethods.csproj" />
    <Project Path="Tests/Behavioral/SameUnderlyingNamedConv/SameUnderlyingNamedConv.csproj" />
    <Project Path="Tests/Behavioral/SelectEscapeBinding/SelectEscapeBinding.csproj" />
    <Project Path="Tests/Behavioral/SelectStatement/SelectStatement.csproj" />
    <Project Path="Tests/Behavioral/SparseArrayIfaceElem/SparseArrayIfaceElem.csproj" />
    <Project Path="Tests/Behavioral/SparseArrayNamedIntKey/SparseArrayNamedIntKey.csproj" />
    <Project Path="Tests/Behavioral/ShadowedCompoundAssign/ShadowedCompoundAssign.csproj" />
    <Project Path="Tests/Behavioral/ShadowedHeapBoxReceiver/ShadowedHeapBoxReceiver.csproj" />
    <Project Path="Tests/Behavioral/ShadowedImportConstLib/ShadowedImportConstLib.csproj" />
    <Project Path="Tests/Behavioral/ShadowedImportConstUser/ShadowedImportConstUser.csproj" />
    <Project Path="Tests/Behavioral/ShadowedInterfaceEmbed/ShadowedInterfaceEmbed.csproj" />
    <Project Path="Tests/Behavioral/ShadowedPointerParam/ShadowedPointerParam.csproj" />
    <Project Path="Tests/Behavioral/ShadowedVarMethodCallLHS/ShadowedVarMethodCallLHS.csproj" />
    <Project Path="Tests/Behavioral/ShadowLocalOverRecvName/ShadowLocalOverRecvName.csproj" />
    <Project Path="Tests/Behavioral/ShadowRangeVarOverRecvName/ShadowRangeVarOverRecvName.csproj" />
    <Project Path="Tests/Behavioral/SharedEmbeddedInterfaceMember/SharedEmbeddedInterfaceMember.csproj" />
    <Project Path="Tests/Behavioral/ShiftNegativeWideConst/ShiftNegativeWideConst.csproj" />
    <Project Path="Tests/Behavioral/ShiftPrecedenceUnsigned/ShiftPrecedenceUnsigned.csproj" />
    <Project Path="Tests/Behavioral/Slice3IndexWideBound/Slice3IndexWideBound.csproj" />
    <Project Path="Tests/Behavioral/SliceAliasing/SliceAliasing.csproj" />
    <Project Path="Tests/Behavioral/Solitaire/Solitaire.csproj" />
    <Project Path="Tests/Behavioral/SortArrayType/SortArrayType.csproj" />
    <Project Path="Tests/Behavioral/SpreadOperator/SpreadOperator.csproj" />
    <Project Path="Tests/Behavioral/StdLibInternalAbi/StdLibInternalAbi.csproj" />
    <Project Path="Tests/Behavioral/StringByteUnionConstraint/StringByteUnionConstraint.csproj" />
    <Project Path="Tests/Behavioral/StringConvNamedInt/StringConvNamedInt.csproj" />
    <Project Path="Tests/Behavioral/StringConvPostfix/StringConvPostfix.csproj" />
    <Project Path="Tests/Behavioral/StringLiteralIndexLoop/StringLiteralIndexLoop.csproj" />
    <Project Path="Tests/Behavioral/StringLiteralSliceConversion/StringLiteralSliceConversion.csproj" />
    <Project Path="Tests/Behavioral/StringPassByValue/StringPassByValue.csproj" />
    <Project Path="Tests/Behavioral/StringSliceAndUnsignedConst/StringSliceAndUnsignedConst.csproj" />
    <Project Path="Tests/Behavioral/StringZeroValueConcat/StringZeroValueConcat.csproj" />
    <Project Path="Tests/Behavioral/StructFieldNamedOther/StructFieldNamedOther.csproj" />
    <Project Path="Tests/Behavioral/StructPointerPromotionWithInterface/StructPointerPromotionWithInterface.csproj" />
    <Project Path="Tests/Behavioral/StructPromotion/StructPromotion.csproj" />
    <Project Path="Tests/Behavioral/StructPromotionWithInterface/StructPromotionWithInterface.csproj" />
    <Project Path="Tests/Behavioral/StructWithDelegate/StructWithDelegate.csproj" />
    <Project Path="Tests/Behavioral/StructWithPointer/StructWithPointer.csproj" />
    <Project Path="Tests/Behavioral/SubpackageFuncTypeParam/SubpackageFuncTypeParam.csproj" />
    <Project Path="Tests/Behavioral/SwitchBreakInCase/SwitchBreakInCase.csproj" />
    <Project Path="Tests/Behavioral/SynthesizedDelegateChildPkg/SynthesizedDelegateChildPkg.csproj" />
    <Project Path="Tests/Behavioral/SynthesizedDelegateChildPkg/inner/SynthesizedDelegateChildPkg.inner.csproj" />
    <Project Path="Tests/Behavioral/SynthesizedDelegateCrossPkg/SynthesizedDelegateCrossPkg.csproj" />
    <Project Path="Tests/Behavioral/SwitchDefaultOrder/SwitchDefaultOrder.csproj" />
    <Project Path="Tests/Behavioral/SwitchFallthroughDefaultReturn/SwitchFallthroughDefaultReturn.csproj" />
    <Project Path="Tests/Behavioral/SwitchNonConstCaseLabel/SwitchNonConstCaseLabel.csproj" />
    <Project Path="Tests/Behavioral/SystemCollidingTypeName/SystemCollidingTypeName.csproj" />
    <Project Path="Tests/Behavioral/TransitiveAliasPreload/TransitiveAliasPreload.csproj" />
    <Project Path="Tests/Behavioral/TupleDestructureEscapingLocal/TupleDestructureEscapingLocal.csproj" />
    <Project Path="Tests/Behavioral/TupleMixedDeclareReassign/TupleMixedDeclareReassign.csproj" />
    <Project Path="Tests/Behavioral/TupleSpreadIntoCall/TupleSpreadIntoCall.csproj" />
    <Project Path="Tests/Behavioral/TypeAssert/TypeAssert.csproj" />
    <Project Path="Tests/Behavioral/TypeConversion/TypeConversion.csproj" />
    <Project Path="Tests/Behavioral/TypeConversionInterfaceParam/TypeConversionInterfaceParam.csproj" />
    <Project Path="Tests/Behavioral/TypeConversionReturnType/TypeConversionReturnType.csproj" />
    <Project Path="Tests/Behavioral/TypeInference/TypeInference.csproj" />
    <Project Path="Tests/Behavioral/TypeSwitch/TypeSwitch.csproj" />
    <Project Path="Tests/Behavioral/TypeSwitchGuardShadow/TypeSwitchGuardShadow.csproj" />
    <Project Path="Tests/Behavioral/TypeSwitchImpureTag/TypeSwitchImpureTag.csproj" />
    <Project Path="Tests/Behavioral/TypeSwitchMultiCase/TypeSwitchMultiCase.csproj" />
    <Project Path="Tests/Behavioral/TypeSwitchNamedInterfaceCase/TypeSwitchNamedInterfaceCase.csproj" />
    <Project Path="Tests/Behavioral/TypeSwitchTagShadowRename/TypeSwitchTagShadowRename.csproj" />
    <Project Path="Tests/Behavioral/TypeSwitchPointerAdapter/TypeSwitchPointerAdapter.csproj" />
    <Project Path="Tests/Behavioral/UnexportedEmbeddedMarker/UnexportedEmbeddedMarker.csproj" />
    <Project Path="Tests/Behavioral/UntypedNestedSliceComposite/UntypedNestedSliceComposite.csproj" />
    <Project Path="Tests/Behavioral/UnnamedParams/UnnamedParams.csproj" />
    <Project Path="Tests/Behavioral/UnsafeOperations/UnsafeOperations.csproj" />
    <Project Path="Tests/Behavioral/UnsafeBuiltinIntegerLen/UnsafeBuiltinIntegerLen.csproj" />
    <Project Path="Tests/Behavioral/UnsafePointerArgPassing/UnsafePointerArgPassing.csproj" />
    <Project Path="Tests/Behavioral/UnsafePointerInferredNoImport/UnsafePointerInferredNoImport.csproj" />
    <Project Path="Tests/Behavioral/UnsafePointerKeywordParam/UnsafePointerKeywordParam.csproj" />
    <Project Path="Tests/Behavioral/UnsafePointerParamPin/UnsafePointerParamPin.csproj" />
    <Project Path="Tests/Behavioral/UnsafePointerReinterpret/UnsafePointerReinterpret.csproj" />
    <Project Path="Tests/Behavioral/UnsignedNamedNumeric/UnsignedNamedNumeric.csproj" />
    <Project Path="Tests/Behavioral/UntypedConstArithmetic/UntypedConstArithmetic.csproj" />
    <Project Path="Tests/Behavioral/UntypedConstDefine/UntypedConstDefine.csproj" />
    <Project Path="Tests/Behavioral/UntypedFloatDefault/UntypedFloatDefault.csproj" />
    <Project Path="Tests/Behavioral/VarNamedAsType/VarNamedAsType.csproj" />
    <Project Path="Tests/Behavioral/VariadicBoxReceiver/VariadicBoxReceiver.csproj" />
    <Project Path="Tests/Behavioral/VariadicClosureSpread/VariadicClosureSpread.csproj" />
    <Project Path="Tests/Behavioral/VariadicFuncFields/VariadicFuncFields.csproj" />
    <Project Path="Tests/Behavioral/VariadicFuncTypeAssert/VariadicFuncTypeAssert.csproj" />
    <Project Path="Tests/Behavioral/VariadicFuncValues/VariadicFuncValues.csproj" />
    <Project Path="Tests/Behavioral/VariadicPointerParam/VariadicPointerParam.csproj" />
    <Project Path="Tests/Behavioral/VariadicSlotInterfaces/VariadicSlotInterfaces.csproj" />
    <Project Path="Tests/Behavioral/VariableCapture/VariableCapture.csproj" />
  </Folder>
  <Folder Name="/tests/library/">
    <Project Path="Tests/ChannelTests/ChannelTests.csproj" />
  </Folder>
  <Folder Name="/tests/performance/">
    <File Path="Tests/Performance/README.md" />
    <File Path="Tests/Performance/run-performance.ps1" />
    <Project Path="Tests/Performance/PerformanceRunner/PerformanceRunner.csproj" />
  </Folder>
  <Folder Name="/tests/performance/target-projects/">
    <Project Path="Tests/Performance/PerfChannel/PerfChannel.csproj" />
    <Project Path="Tests/Performance/PerfFib/PerfFib.csproj" />
    <Project Path="Tests/Performance/PerfMap/PerfMap.csproj" />
    <Project Path="Tests/Performance/PerfMatMul/PerfMatMul.csproj" />
    <Project Path="Tests/Performance/PerfSieve/PerfSieve.csproj" />
    <Project Path="Tests/Performance/PerfSort/PerfSort.csproj" />
    <Project Path="Tests/Performance/PerfStartup/PerfStartup.csproj" />
    <Project Path="Tests/Performance/PerfString/PerfString.csproj" />
  </Folder>
  <Folder Name="/utilities/">
    <File Path="set-version.ps1" />
    <Project Path="Utilities/GenGoFuncRefInstances/GenGoFuncRefInstances.csproj" />
    <Project Path="Utilities/QuickTest/QuickTest.csproj" />
    <Project Path="Utilities/UpdateTestTargets/UpdateTestTargets.csproj" />
  </Folder>
</Solution>
