
Microsoft Visual Studio Solution File, Format Version 12.00
# Visual Studio Version 17
VisualStudioVersion = 17.0.32112.339
MinimumVisualStudioVersion = 10.0.40219.1
Project("{2150E333-8FDC-42A3-9474-1A3956D46DE8}") = "utilities", "utilities", "{BC53B46E-B2FA-4174-A0A2-326DD554B237}"
	ProjectSection(SolutionItems) = preProject
		set-version.ps1 = set-version.ps1
	EndProjectSection
EndProject
Project("{2150E333-8FDC-42A3-9474-1A3956D46DE8}") = "go2cs", "go2cs", "{78E6A8DC-83D6-4536-BE17-211B1B1D0D97}"
EndProject
Project("{9A19103F-16F7-4668-BE54-9A1E7A4F7556}") = "GenGoFuncRefInstances", "Utilities\GenGoFuncRefInstances\GenGoFuncRefInstances.csproj", "{DD935F3A-701E-4C74-97A4-AEB8DA914E57}"
EndProject
Project("{2150E333-8FDC-42A3-9474-1A3956D46DE8}") = "tests", "tests", "{6BC3FFAC-C517-49AC-85AB-87CD14858148}"
EndProject
Project("{9A19103F-16F7-4668-BE54-9A1E7A4F7556}") = "QuickTest", "Utilities\QuickTest\QuickTest.csproj", "{3F91B351-7FB1-4466-8EDA-65777FE10C9B}"
EndProject
Project("{2150E333-8FDC-42A3-9474-1A3956D46DE8}") = "core", "core", "{D59EEF6C-E2EA-4A78-82CB-BD028A4F0D3D}"
	ProjectSection(SolutionItems) = preProject
		deploy-core.bat = deploy-core.bat
	EndProjectSection
EndProject
Project("{9A19103F-16F7-4668-BE54-9A1E7A4F7556}") = "ChannelTests", "Tests\ChannelTests\ChannelTests.csproj", "{8F4CDC83-470F-4550-8BD9-47BC24BFA58A}"
EndProject
Project("{9A19103F-16F7-4668-BE54-9A1E7A4F7556}") = "golib", "core\golib\golib.csproj", "{040CFA10-7D89-4E46-92E0-C73FA99AB8F8}"
EndProject
Project("{9A19103F-16F7-4668-BE54-9A1E7A4F7556}") = "fmt", "core\fmt\fmt.csproj", "{C31814D6-E4C2-4873-AD78-BB561277BC70}"
EndProject
Project("{9A19103F-16F7-4668-BE54-9A1E7A4F7556}") = "strings", "core\strings\strings.csproj", "{7560A82B-AABB-4D64-952B-A10979955630}"
EndProject
Project("{9A19103F-16F7-4668-BE54-9A1E7A4F7556}") = "errors", "core\errors\errors.csproj", "{7A3E9121-FB19-47A8-B01B-7CBAF18ACF8E}"
EndProject
Project("{9A19103F-16F7-4668-BE54-9A1E7A4F7556}") = "io", "core\io\io.csproj", "{B5F26B50-DE5D-4218-AC40-FF7D4BA0F476}"
EndProject
Project("{9A19103F-16F7-4668-BE54-9A1E7A4F7556}") = "sync", "core\sync\sync.csproj", "{2E3B5E98-225B-4DDE-AB89-D0A9AE827657}"
EndProject
Project("{9A19103F-16F7-4668-BE54-9A1E7A4F7556}") = "time", "core\time\time.csproj", "{E7DFFC46-ABE6-4C35-A9C3-7530AFF7CDB5}"
EndProject
Project("{2150E333-8FDC-42A3-9474-1A3956D46DE8}") = "docs", "docs", "{8862BC7D-C577-4972-8995-B217B51EC948}"
	ProjectSection(SolutionItems) = preProject
		..\docs\Background.md = ..\docs\Background.md
		..\docs\ConversionStrategies.md = ..\docs\ConversionStrategies.md
		..\docs\README.md = ..\docs\README.md
	EndProjectSection
EndProject
Project("{2150E333-8FDC-42A3-9474-1A3956D46DE8}") = "library", "library", "{6F09E8D8-D54E-46B1-875C-987A40094FF5}"
EndProject
Project("{2150E333-8FDC-42A3-9474-1A3956D46DE8}") = "behavioral", "behavioral", "{65A671E4-4025-48B4-8FD0-9C57FECA553A}"
EndProject
Project("{9A19103F-16F7-4668-BE54-9A1E7A4F7556}") = "ArrayPassByValue", "Tests\Behavioral\ArrayPassByValue\ArrayPassByValue.csproj", "{3C8F82FF-CDD1-465E-8A51-2B15847BC8F5}"
EndProject
Project("{9A19103F-16F7-4668-BE54-9A1E7A4F7556}") = "ExprSwitch", "Tests\Behavioral\ExprSwitch\ExprSwitch.csproj", "{B71E95D6-505E-49B7-93F1-BEE6733B966D}"
EndProject
Project("{9A19103F-16F7-4668-BE54-9A1E7A4F7556}") = "TypeSwitch", "Tests\Behavioral\TypeSwitch\TypeSwitch.csproj", "{DA764A5A-1311-4BFC-9EEE-1646413221EF}"
EndProject
Project("{2150E333-8FDC-42A3-9474-1A3956D46DE8}") = "target-projects", "target-projects", "{F5D0C4D5-7217-4572-A76C-AAC5BEF6219B}"
EndProject
Project("{9A19103F-16F7-4668-BE54-9A1E7A4F7556}") = "BehavioralTests", "Tests\Behavioral\BehavioralTests\BehavioralTests.csproj", "{C987106F-68D3-4F7E-82C8-2C55036F8A21}"
EndProject
Project("{9A19103F-16F7-4668-BE54-9A1E7A4F7556}") = "ForVariants", "Tests\Behavioral\ForVariants\ForVariants.csproj", "{F97F7A06-7769-477D-8034-250B750B4994}"
EndProject
Project("{9A19103F-16F7-4668-BE54-9A1E7A4F7556}") = "InterfaceCasting", "Tests\Behavioral\InterfaceCasting\InterfaceCasting.csproj", "{1C78DEAC-6392-4657-9D7E-FC6AE9EA10CD}"
EndProject
Project("{9A19103F-16F7-4668-BE54-9A1E7A4F7556}") = "InterfaceImplementation", "Tests\Behavioral\InterfaceImplementation\InterfaceImplementation.csproj", "{9AA0613D-0D40-46AC-AC5F-9888B60B18D0}"
EndProject
Project("{9A19103F-16F7-4668-BE54-9A1E7A4F7556}") = "InterfaceInheritance", "Tests\Behavioral\InterfaceInheritance\InterfaceInheritance.csproj", "{78B9EFA7-FEB6-4024-8491-522F8B8480AE}"
EndProject
Project("{9A19103F-16F7-4668-BE54-9A1E7A4F7556}") = "LambdaFunctions", "Tests\Behavioral\LambdaFunctions\LambdaFunctions.csproj", "{45A7EEBB-B022-4A38-B1CE-DCAC8AD19687}"
EndProject
Project("{9A19103F-16F7-4668-BE54-9A1E7A4F7556}") = "PointerToPointer", "Tests\Behavioral\PointerToPointer\PointerToPointer.csproj", "{C012354D-9B10-4ECA-8E2D-BEA5A0643ECD}"
EndProject
Project("{9A19103F-16F7-4668-BE54-9A1E7A4F7556}") = "sort", "core\sort\sort.csproj", "{CAD9D6C9-3393-48CC-A4F8-4C0DF1F53D93}"
EndProject
Project("{9A19103F-16F7-4668-BE54-9A1E7A4F7556}") = "GenericTests", "Tests\GenericTests\GenericTests.csproj", "{FAADAA70-3DE3-411F-A679-39D1757B84D9}"
EndProject
Project("{9A19103F-16F7-4668-BE54-9A1E7A4F7556}") = "IfStatements", "Tests\Behavioral\IfStatements\IfStatements.csproj", "{A78DC0F0-49F9-4E0B-A29E-77241B95A5E5}"
EndProject
Project("{9A19103F-16F7-4668-BE54-9A1E7A4F7556}") = "FirstClassFunctions", "Tests\Behavioral\FirstClassFunctions\FirstClassFunctions.csproj", "{ACA466A0-4D34-409B-BF97-D04E3A4CA2D9}"
EndProject
Project("{9A19103F-16F7-4668-BE54-9A1E7A4F7556}") = "math", "core\math\math.csproj", "{4F7B7DCD-C13E-417F-B930-BDEC3541604D}"
EndProject
Project("{FAE04EC0-301F-11D3-BF4B-00C04F79EFBC}") = "RangeStatements", "Tests\Behavioral\RangeStatements\RangeStatements.csproj", "{63F33680-54ED-4317-85FF-05A0E9C0D513}"
EndProject
Project("{FAE04EC0-301F-11D3-BF4B-00C04F79EFBC}") = "SpreadOperator", "Tests\Behavioral\SpreadOperator\SpreadOperator.csproj", "{75DF947E-AAFF-4E52-8334-D937C3C1AFE8}"
EndProject
Project("{FAE04EC0-301F-11D3-BF4B-00C04F79EFBC}") = "VariableCapture", "Tests\Behavioral\VariableCapture\VariableCapture.csproj", "{3FE7E147-27F1-4BA6-8794-3347F41A19A0}"
EndProject
Project("{FAE04EC0-301F-11D3-BF4B-00C04F79EFBC}") = "SelectStatement", "Tests\Behavioral\SelectStatement\SelectStatement.csproj", "{8DDF8144-4C32-4F22-BD37-BD560BD14C3B}"
EndProject
Project("{FAE04EC0-301F-11D3-BF4B-00C04F79EFBC}") = "ChannelReceiveFromClosed", "Tests\Behavioral\ChannelReceiveFromClosed\ChannelReceiveFromClosed.csproj", "{E95B572F-B066-4F73-AC62-42CBBA77D8A5}"
EndProject
Project("{FAE04EC0-301F-11D3-BF4B-00C04F79EFBC}") = "ChannelReceiveFromNil", "Tests\Behavioral\ChannelReceiveFromNil\ChannelReceiveFromNil.csproj", "{08A38454-3712-4511-9600-94396631BF28}"
EndProject
Project("{FAE04EC0-301F-11D3-BF4B-00C04F79EFBC}") = "ChannelSendToClosed", "Tests\Behavioral\ChannelSendToClosed\ChannelSendToClosed.csproj", "{4C777E33-A6EC-48BE-A9D1-47D2ACA3BDDB}"
EndProject
Project("{FAE04EC0-301F-11D3-BF4B-00C04F79EFBC}") = "ChannelSendToNil", "Tests\Behavioral\ChannelSendToNil\ChannelSendToNil.csproj", "{47681981-68D5-430B-8062-C3A0367C0C81}"
EndProject
Project("{D954291E-2A0B-460D-934E-DC6B0785DB48}") = "go2cs-src", "go2cs-src.shproj", "{73AE8A92-BE9F-40D1-9FED-863CA2CE071C}"
EndProject
Project("{FAE04EC0-301F-11D3-BF4B-00C04F79EFBC}") = "Solitaire", "Tests\Behavioral\Solitaire\Solitaire.csproj", "{2C8B1127-2301-489E-B8B2-0A3BC7A60727}"
EndProject
Project("{FAE04EC0-301F-11D3-BF4B-00C04F79EFBC}") = "UpdateTestTargets", "Utilities\UpdateTestTargets\UpdateTestTargets.csproj", "{1B583B1F-B9E1-4E6A-BF2B-271A83EF312E}"
EndProject
Project("{FAE04EC0-301F-11D3-BF4B-00C04F79EFBC}") = "MethodSelector", "Tests\Behavioral\MethodSelector\MethodSelector.csproj", "{630F3EB1-4A21-42C5-B274-AA3885861663}"
EndProject
Project("{FAE04EC0-301F-11D3-BF4B-00C04F79EFBC}") = "TypeConversion", "Tests\Behavioral\TypeConversion\TypeConversion.csproj", "{454DB270-AB00-4AFD-BA33-11818FBA4106}"
EndProject
Project("{FAE04EC0-301F-11D3-BF4B-00C04F79EFBC}") = "StructPointerPromotionWithInterface", "Tests\Behavioral\StructPointerPromotionWithInterface\StructPointerPromotionWithInterface.csproj", "{C097B954-1FE8-434F-9418-E84CE3CB3CEE}"
EndProject
Project("{FAE04EC0-301F-11D3-BF4B-00C04F79EFBC}") = "SortArrayType", "Tests\Behavioral\SortArrayType\SortArrayType.csproj", "{511AC5EF-28BF-40B0-8E5C-51E4161E4463}"
EndProject
Project("{FAE04EC0-301F-11D3-BF4B-00C04F79EFBC}") = "StructPromotionWithInterface", "Tests\Behavioral\StructPromotionWithInterface\StructPromotionWithInterface.csproj", "{E287CDB4-E7AE-40B6-A571-3E91470BE6B9}"
EndProject
Project("{FAE04EC0-301F-11D3-BF4B-00C04F79EFBC}") = "StructPromotion", "Tests\Behavioral\StructPromotion\StructPromotion.csproj", "{E8949508-0534-4ACA-8E45-18D92021CED6}"
EndProject
Project("{FAE04EC0-301F-11D3-BF4B-00C04F79EFBC}") = "StructWithDelegate", "Tests\Behavioral\StructWithDelegate\StructWithDelegate.csproj", "{B901B7DB-EDE9-4828-8918-E9612DB443E4}"
EndProject
Project("{FAE04EC0-301F-11D3-BF4B-00C04F79EFBC}") = "StructWithPointer", "Tests\Behavioral\StructWithPointer\StructWithPointer.csproj", "{8FF3A11C-FD1F-442D-AFA1-E4DEDEA6ABF5}"
EndProject
Project("{FAE04EC0-301F-11D3-BF4B-00C04F79EFBC}") = "QuickTest", "Tests\Behavioral\QuickTest\QuickTest.csproj", "{601F48D8-7B0C-4479-A0D4-4FF05338A756}"
EndProject
Project("{FAE04EC0-301F-11D3-BF4B-00C04F79EFBC}") = "TypeConversionInterfaceParam", "Tests\Behavioral\TypeConversionInterfaceParam\TypeConversionInterfaceParam.csproj", "{ECF33090-149B-40F8-89BB-752EFAE12BF4}"
EndProject
Project("{FAE04EC0-301F-11D3-BF4B-00C04F79EFBC}") = "TypeConversionReturnType", "Tests\Behavioral\TypeConversionReturnType\TypeConversionReturnType.csproj", "{8530BEF3-A880-42C0-AA79-53BDD817D2FC}"
EndProject
Project("{FAE04EC0-301F-11D3-BF4B-00C04F79EFBC}") = "StringPassByValue", "Tests\Behavioral\StringPassByValue\StringPassByValue.csproj", "{4CA96913-8498-4589-8587-2C04A611DA41}"
EndProject
Project("{FAE04EC0-301F-11D3-BF4B-00C04F79EFBC}") = "InterfaceIntraFunction", "Tests\Behavioral\InterfaceIntraFunction\InterfaceIntraFunction.csproj", "{0914C326-FC11-4661-9AA0-986A636DFC94}"
EndProject
Project("{FAE04EC0-301F-11D3-BF4B-00C04F79EFBC}") = "AnyKeyMap", "Tests\Behavioral\AnyKeyMap\AnyKeyMap.csproj", "{4D324B0D-F669-4167-82E6-DCF9E89F3CA7}"
EndProject
Project("{FAE04EC0-301F-11D3-BF4B-00C04F79EFBC}") = "Constraints", "Tests\Behavioral\Constraints\Constraints.csproj", "{77AE528D-F43A-4066-BFC3-E3D6BB70186C}"
EndProject
Project("{FAE04EC0-301F-11D3-BF4B-00C04F79EFBC}") = "TypeInference", "Tests\Behavioral\TypeInference\TypeInference.csproj", "{CE60E17B-DBCE-4C0A-A2F2-351C6F7ABB9B}"
EndProject
Project("{FAE04EC0-301F-11D3-BF4B-00C04F79EFBC}") = "GenericTypeDecl", "Tests\Behavioral\GenericTypeDecl\GenericTypeDecl.csproj", "{C7F036C9-423B-4194-8D10-1C3DB4C4E0BA}"
EndProject
Project("{FAE04EC0-301F-11D3-BF4B-00C04F79EFBC}") = "GenericTypeInference", "Tests\Behavioral\GenericTypeInference\GenericTypeInference.csproj", "{0D73FBF3-D1BB-417D-9F5B-32828E95FF2C}"
EndProject
Project("{FAE04EC0-301F-11D3-BF4B-00C04F79EFBC}") = "GenericFuncDecl", "Tests\Behavioral\GenericFuncDecl\GenericFuncDecl.csproj", "{A32E991D-4CE6-43E6-8550-23E4717B1578}"
EndProject
Project("{FAE04EC0-301F-11D3-BF4B-00C04F79EFBC}") = "GenericTypeInstantiation", "Tests\Behavioral\GenericTypeInstantiation\GenericTypeInstantiation.csproj", "{DFE8D27D-337C-4BA7-AD01-881086A7ED7F}"
EndProject
Project("{FAE04EC0-301F-11D3-BF4B-00C04F79EFBC}") = "GenericFuncCall", "Tests\Behavioral\GenericFuncCall\GenericFuncCall.csproj", "{93A41039-3E92-42FF-AE72-2EF0700DA527}"
EndProject
Project("{FAE04EC0-301F-11D3-BF4B-00C04F79EFBC}") = "GenericCompositeType", "Tests\Behavioral\GenericCompositeType\GenericCompositeType.csproj", "{D956CF2F-21BD-436D-9D9E-BD918BD505F6}"
EndProject
Project("{FAE04EC0-301F-11D3-BF4B-00C04F79EFBC}") = "GenericStructFields", "Tests\Behavioral\GenericStructFields\GenericStructFields.csproj", "{FF33EB25-4520-4664-9F3F-8BB1606EFAEC}"
EndProject
Project("{FAE04EC0-301F-11D3-BF4B-00C04F79EFBC}") = "GenericTypeAssertions", "Tests\Behavioral\GenericTypeAssertions\GenericTypeAssertions.csproj", "{827AB737-E5BD-4E0E-8AE8-2CC0CB7F5663}"
EndProject
Project("{FAE04EC0-301F-11D3-BF4B-00C04F79EFBC}") = "GenericCompositeLiterals", "Tests\Behavioral\GenericCompositeLiterals\GenericCompositeLiterals.csproj", "{E58C50D2-9F12-4E9C-81F9-A246F11C8615}"
EndProject
Project("{FAE04EC0-301F-11D3-BF4B-00C04F79EFBC}") = "go2cs-gen", "gen\go2cs-gen.csproj", "{2D94FB0E-53A4-5AC7-31AA-D57DB04285D5}"
EndProject
Global
	GlobalSection(SolutionConfigurationPlatforms) = preSolution
		Debug|Any CPU = Debug|Any CPU
		Release|Any CPU = Release|Any CPU
	EndGlobalSection
	GlobalSection(ProjectConfigurationPlatforms) = postSolution
		{DD935F3A-701E-4C74-97A4-AEB8DA914E57}.Debug|Any CPU.ActiveCfg = Debug|Any CPU
		{DD935F3A-701E-4C74-97A4-AEB8DA914E57}.Debug|Any CPU.Build.0 = Debug|Any CPU
		{DD935F3A-701E-4C74-97A4-AEB8DA914E57}.Release|Any CPU.ActiveCfg = Release|Any CPU
		{DD935F3A-701E-4C74-97A4-AEB8DA914E57}.Release|Any CPU.Build.0 = Release|Any CPU
		{3F91B351-7FB1-4466-8EDA-65777FE10C9B}.Debug|Any CPU.ActiveCfg = Debug|Any CPU
		{3F91B351-7FB1-4466-8EDA-65777FE10C9B}.Debug|Any CPU.Build.0 = Debug|Any CPU
		{3F91B351-7FB1-4466-8EDA-65777FE10C9B}.Release|Any CPU.ActiveCfg = Release|Any CPU
		{3F91B351-7FB1-4466-8EDA-65777FE10C9B}.Release|Any CPU.Build.0 = Release|Any CPU
		{8F4CDC83-470F-4550-8BD9-47BC24BFA58A}.Debug|Any CPU.ActiveCfg = Debug|Any CPU
		{8F4CDC83-470F-4550-8BD9-47BC24BFA58A}.Debug|Any CPU.Build.0 = Debug|Any CPU
		{8F4CDC83-470F-4550-8BD9-47BC24BFA58A}.Release|Any CPU.ActiveCfg = Release|Any CPU
		{8F4CDC83-470F-4550-8BD9-47BC24BFA58A}.Release|Any CPU.Build.0 = Release|Any CPU
		{040CFA10-7D89-4E46-92E0-C73FA99AB8F8}.Debug|Any CPU.ActiveCfg = Debug|Any CPU
		{040CFA10-7D89-4E46-92E0-C73FA99AB8F8}.Debug|Any CPU.Build.0 = Debug|Any CPU
		{040CFA10-7D89-4E46-92E0-C73FA99AB8F8}.Release|Any CPU.ActiveCfg = Release|Any CPU
		{040CFA10-7D89-4E46-92E0-C73FA99AB8F8}.Release|Any CPU.Build.0 = Release|Any CPU
		{C31814D6-E4C2-4873-AD78-BB561277BC70}.Debug|Any CPU.ActiveCfg = Debug|Any CPU
		{C31814D6-E4C2-4873-AD78-BB561277BC70}.Debug|Any CPU.Build.0 = Debug|Any CPU
		{C31814D6-E4C2-4873-AD78-BB561277BC70}.Release|Any CPU.ActiveCfg = Release|Any CPU
		{C31814D6-E4C2-4873-AD78-BB561277BC70}.Release|Any CPU.Build.0 = Release|Any CPU
		{7560A82B-AABB-4D64-952B-A10979955630}.Debug|Any CPU.ActiveCfg = Debug|Any CPU
		{7560A82B-AABB-4D64-952B-A10979955630}.Debug|Any CPU.Build.0 = Debug|Any CPU
		{7560A82B-AABB-4D64-952B-A10979955630}.Release|Any CPU.ActiveCfg = Release|Any CPU
		{7560A82B-AABB-4D64-952B-A10979955630}.Release|Any CPU.Build.0 = Release|Any CPU
		{7A3E9121-FB19-47A8-B01B-7CBAF18ACF8E}.Debug|Any CPU.ActiveCfg = Debug|Any CPU
		{7A3E9121-FB19-47A8-B01B-7CBAF18ACF8E}.Debug|Any CPU.Build.0 = Debug|Any CPU
		{7A3E9121-FB19-47A8-B01B-7CBAF18ACF8E}.Release|Any CPU.ActiveCfg = Release|Any CPU
		{7A3E9121-FB19-47A8-B01B-7CBAF18ACF8E}.Release|Any CPU.Build.0 = Release|Any CPU
		{B5F26B50-DE5D-4218-AC40-FF7D4BA0F476}.Debug|Any CPU.ActiveCfg = Debug|Any CPU
		{B5F26B50-DE5D-4218-AC40-FF7D4BA0F476}.Debug|Any CPU.Build.0 = Debug|Any CPU
		{B5F26B50-DE5D-4218-AC40-FF7D4BA0F476}.Release|Any CPU.ActiveCfg = Release|Any CPU
		{B5F26B50-DE5D-4218-AC40-FF7D4BA0F476}.Release|Any CPU.Build.0 = Release|Any CPU
		{2E3B5E98-225B-4DDE-AB89-D0A9AE827657}.Debug|Any CPU.ActiveCfg = Debug|Any CPU
		{2E3B5E98-225B-4DDE-AB89-D0A9AE827657}.Debug|Any CPU.Build.0 = Debug|Any CPU
		{2E3B5E98-225B-4DDE-AB89-D0A9AE827657}.Release|Any CPU.ActiveCfg = Release|Any CPU
		{2E3B5E98-225B-4DDE-AB89-D0A9AE827657}.Release|Any CPU.Build.0 = Release|Any CPU
		{E7DFFC46-ABE6-4C35-A9C3-7530AFF7CDB5}.Debug|Any CPU.ActiveCfg = Debug|Any CPU
		{E7DFFC46-ABE6-4C35-A9C3-7530AFF7CDB5}.Debug|Any CPU.Build.0 = Debug|Any CPU
		{E7DFFC46-ABE6-4C35-A9C3-7530AFF7CDB5}.Release|Any CPU.ActiveCfg = Release|Any CPU
		{E7DFFC46-ABE6-4C35-A9C3-7530AFF7CDB5}.Release|Any CPU.Build.0 = Release|Any CPU
		{3C8F82FF-CDD1-465E-8A51-2B15847BC8F5}.Debug|Any CPU.ActiveCfg = Debug|Any CPU
		{3C8F82FF-CDD1-465E-8A51-2B15847BC8F5}.Debug|Any CPU.Build.0 = Debug|Any CPU
		{3C8F82FF-CDD1-465E-8A51-2B15847BC8F5}.Release|Any CPU.ActiveCfg = Release|Any CPU
		{3C8F82FF-CDD1-465E-8A51-2B15847BC8F5}.Release|Any CPU.Build.0 = Release|Any CPU
		{B71E95D6-505E-49B7-93F1-BEE6733B966D}.Debug|Any CPU.ActiveCfg = Debug|Any CPU
		{B71E95D6-505E-49B7-93F1-BEE6733B966D}.Debug|Any CPU.Build.0 = Debug|Any CPU
		{B71E95D6-505E-49B7-93F1-BEE6733B966D}.Release|Any CPU.ActiveCfg = Release|Any CPU
		{B71E95D6-505E-49B7-93F1-BEE6733B966D}.Release|Any CPU.Build.0 = Release|Any CPU
		{DA764A5A-1311-4BFC-9EEE-1646413221EF}.Debug|Any CPU.ActiveCfg = Debug|Any CPU
		{DA764A5A-1311-4BFC-9EEE-1646413221EF}.Debug|Any CPU.Build.0 = Debug|Any CPU
		{DA764A5A-1311-4BFC-9EEE-1646413221EF}.Release|Any CPU.ActiveCfg = Release|Any CPU
		{DA764A5A-1311-4BFC-9EEE-1646413221EF}.Release|Any CPU.Build.0 = Release|Any CPU
		{C987106F-68D3-4F7E-82C8-2C55036F8A21}.Debug|Any CPU.ActiveCfg = Debug|Any CPU
		{C987106F-68D3-4F7E-82C8-2C55036F8A21}.Debug|Any CPU.Build.0 = Debug|Any CPU
		{C987106F-68D3-4F7E-82C8-2C55036F8A21}.Release|Any CPU.ActiveCfg = Release|Any CPU
		{C987106F-68D3-4F7E-82C8-2C55036F8A21}.Release|Any CPU.Build.0 = Release|Any CPU
		{F97F7A06-7769-477D-8034-250B750B4994}.Debug|Any CPU.ActiveCfg = Debug|Any CPU
		{F97F7A06-7769-477D-8034-250B750B4994}.Debug|Any CPU.Build.0 = Debug|Any CPU
		{F97F7A06-7769-477D-8034-250B750B4994}.Release|Any CPU.ActiveCfg = Release|Any CPU
		{F97F7A06-7769-477D-8034-250B750B4994}.Release|Any CPU.Build.0 = Release|Any CPU
		{1C78DEAC-6392-4657-9D7E-FC6AE9EA10CD}.Debug|Any CPU.ActiveCfg = Debug|Any CPU
		{1C78DEAC-6392-4657-9D7E-FC6AE9EA10CD}.Debug|Any CPU.Build.0 = Debug|Any CPU
		{1C78DEAC-6392-4657-9D7E-FC6AE9EA10CD}.Release|Any CPU.ActiveCfg = Release|Any CPU
		{1C78DEAC-6392-4657-9D7E-FC6AE9EA10CD}.Release|Any CPU.Build.0 = Release|Any CPU
		{9AA0613D-0D40-46AC-AC5F-9888B60B18D0}.Debug|Any CPU.ActiveCfg = Debug|Any CPU
		{9AA0613D-0D40-46AC-AC5F-9888B60B18D0}.Debug|Any CPU.Build.0 = Debug|Any CPU
		{9AA0613D-0D40-46AC-AC5F-9888B60B18D0}.Release|Any CPU.ActiveCfg = Release|Any CPU
		{9AA0613D-0D40-46AC-AC5F-9888B60B18D0}.Release|Any CPU.Build.0 = Release|Any CPU
		{78B9EFA7-FEB6-4024-8491-522F8B8480AE}.Debug|Any CPU.ActiveCfg = Debug|Any CPU
		{78B9EFA7-FEB6-4024-8491-522F8B8480AE}.Debug|Any CPU.Build.0 = Debug|Any CPU
		{78B9EFA7-FEB6-4024-8491-522F8B8480AE}.Release|Any CPU.ActiveCfg = Release|Any CPU
		{78B9EFA7-FEB6-4024-8491-522F8B8480AE}.Release|Any CPU.Build.0 = Release|Any CPU
		{45A7EEBB-B022-4A38-B1CE-DCAC8AD19687}.Debug|Any CPU.ActiveCfg = Debug|Any CPU
		{45A7EEBB-B022-4A38-B1CE-DCAC8AD19687}.Debug|Any CPU.Build.0 = Debug|Any CPU
		{45A7EEBB-B022-4A38-B1CE-DCAC8AD19687}.Release|Any CPU.ActiveCfg = Release|Any CPU
		{45A7EEBB-B022-4A38-B1CE-DCAC8AD19687}.Release|Any CPU.Build.0 = Release|Any CPU
		{C012354D-9B10-4ECA-8E2D-BEA5A0643ECD}.Debug|Any CPU.ActiveCfg = Debug|Any CPU
		{C012354D-9B10-4ECA-8E2D-BEA5A0643ECD}.Debug|Any CPU.Build.0 = Debug|Any CPU
		{C012354D-9B10-4ECA-8E2D-BEA5A0643ECD}.Release|Any CPU.ActiveCfg = Release|Any CPU
		{C012354D-9B10-4ECA-8E2D-BEA5A0643ECD}.Release|Any CPU.Build.0 = Release|Any CPU
		{CAD9D6C9-3393-48CC-A4F8-4C0DF1F53D93}.Debug|Any CPU.ActiveCfg = Debug|Any CPU
		{CAD9D6C9-3393-48CC-A4F8-4C0DF1F53D93}.Debug|Any CPU.Build.0 = Debug|Any CPU
		{CAD9D6C9-3393-48CC-A4F8-4C0DF1F53D93}.Release|Any CPU.ActiveCfg = Release|Any CPU
		{CAD9D6C9-3393-48CC-A4F8-4C0DF1F53D93}.Release|Any CPU.Build.0 = Release|Any CPU
		{FAADAA70-3DE3-411F-A679-39D1757B84D9}.Debug|Any CPU.ActiveCfg = Debug|Any CPU
		{FAADAA70-3DE3-411F-A679-39D1757B84D9}.Debug|Any CPU.Build.0 = Debug|Any CPU
		{FAADAA70-3DE3-411F-A679-39D1757B84D9}.Release|Any CPU.ActiveCfg = Release|Any CPU
		{FAADAA70-3DE3-411F-A679-39D1757B84D9}.Release|Any CPU.Build.0 = Release|Any CPU
		{A78DC0F0-49F9-4E0B-A29E-77241B95A5E5}.Debug|Any CPU.ActiveCfg = Debug|Any CPU
		{A78DC0F0-49F9-4E0B-A29E-77241B95A5E5}.Debug|Any CPU.Build.0 = Debug|Any CPU
		{A78DC0F0-49F9-4E0B-A29E-77241B95A5E5}.Release|Any CPU.ActiveCfg = Release|Any CPU
		{A78DC0F0-49F9-4E0B-A29E-77241B95A5E5}.Release|Any CPU.Build.0 = Release|Any CPU
		{ACA466A0-4D34-409B-BF97-D04E3A4CA2D9}.Debug|Any CPU.ActiveCfg = Debug|Any CPU
		{ACA466A0-4D34-409B-BF97-D04E3A4CA2D9}.Debug|Any CPU.Build.0 = Debug|Any CPU
		{ACA466A0-4D34-409B-BF97-D04E3A4CA2D9}.Release|Any CPU.ActiveCfg = Release|Any CPU
		{ACA466A0-4D34-409B-BF97-D04E3A4CA2D9}.Release|Any CPU.Build.0 = Release|Any CPU
		{4F7B7DCD-C13E-417F-B930-BDEC3541604D}.Debug|Any CPU.ActiveCfg = Debug|Any CPU
		{4F7B7DCD-C13E-417F-B930-BDEC3541604D}.Debug|Any CPU.Build.0 = Debug|Any CPU
		{4F7B7DCD-C13E-417F-B930-BDEC3541604D}.Release|Any CPU.ActiveCfg = Release|Any CPU
		{4F7B7DCD-C13E-417F-B930-BDEC3541604D}.Release|Any CPU.Build.0 = Release|Any CPU
		{63F33680-54ED-4317-85FF-05A0E9C0D513}.Debug|Any CPU.ActiveCfg = Debug|Any CPU
		{63F33680-54ED-4317-85FF-05A0E9C0D513}.Debug|Any CPU.Build.0 = Debug|Any CPU
		{63F33680-54ED-4317-85FF-05A0E9C0D513}.Release|Any CPU.ActiveCfg = Release|Any CPU
		{63F33680-54ED-4317-85FF-05A0E9C0D513}.Release|Any CPU.Build.0 = Release|Any CPU
		{75DF947E-AAFF-4E52-8334-D937C3C1AFE8}.Debug|Any CPU.ActiveCfg = Debug|Any CPU
		{75DF947E-AAFF-4E52-8334-D937C3C1AFE8}.Debug|Any CPU.Build.0 = Debug|Any CPU
		{75DF947E-AAFF-4E52-8334-D937C3C1AFE8}.Release|Any CPU.ActiveCfg = Release|Any CPU
		{75DF947E-AAFF-4E52-8334-D937C3C1AFE8}.Release|Any CPU.Build.0 = Release|Any CPU
		{3FE7E147-27F1-4BA6-8794-3347F41A19A0}.Debug|Any CPU.ActiveCfg = Debug|Any CPU
		{3FE7E147-27F1-4BA6-8794-3347F41A19A0}.Debug|Any CPU.Build.0 = Debug|Any CPU
		{3FE7E147-27F1-4BA6-8794-3347F41A19A0}.Release|Any CPU.ActiveCfg = Release|Any CPU
		{3FE7E147-27F1-4BA6-8794-3347F41A19A0}.Release|Any CPU.Build.0 = Release|Any CPU
		{8DDF8144-4C32-4F22-BD37-BD560BD14C3B}.Debug|Any CPU.ActiveCfg = Debug|Any CPU
		{8DDF8144-4C32-4F22-BD37-BD560BD14C3B}.Debug|Any CPU.Build.0 = Debug|Any CPU
		{8DDF8144-4C32-4F22-BD37-BD560BD14C3B}.Release|Any CPU.ActiveCfg = Release|Any CPU
		{8DDF8144-4C32-4F22-BD37-BD560BD14C3B}.Release|Any CPU.Build.0 = Release|Any CPU
		{E95B572F-B066-4F73-AC62-42CBBA77D8A5}.Debug|Any CPU.ActiveCfg = Debug|Any CPU
		{E95B572F-B066-4F73-AC62-42CBBA77D8A5}.Debug|Any CPU.Build.0 = Debug|Any CPU
		{E95B572F-B066-4F73-AC62-42CBBA77D8A5}.Release|Any CPU.ActiveCfg = Release|Any CPU
		{E95B572F-B066-4F73-AC62-42CBBA77D8A5}.Release|Any CPU.Build.0 = Release|Any CPU
		{08A38454-3712-4511-9600-94396631BF28}.Debug|Any CPU.ActiveCfg = Debug|Any CPU
		{08A38454-3712-4511-9600-94396631BF28}.Debug|Any CPU.Build.0 = Debug|Any CPU
		{08A38454-3712-4511-9600-94396631BF28}.Release|Any CPU.ActiveCfg = Release|Any CPU
		{08A38454-3712-4511-9600-94396631BF28}.Release|Any CPU.Build.0 = Release|Any CPU
		{4C777E33-A6EC-48BE-A9D1-47D2ACA3BDDB}.Debug|Any CPU.ActiveCfg = Debug|Any CPU
		{4C777E33-A6EC-48BE-A9D1-47D2ACA3BDDB}.Debug|Any CPU.Build.0 = Debug|Any CPU
		{4C777E33-A6EC-48BE-A9D1-47D2ACA3BDDB}.Release|Any CPU.ActiveCfg = Release|Any CPU
		{4C777E33-A6EC-48BE-A9D1-47D2ACA3BDDB}.Release|Any CPU.Build.0 = Release|Any CPU
		{47681981-68D5-430B-8062-C3A0367C0C81}.Debug|Any CPU.ActiveCfg = Debug|Any CPU
		{47681981-68D5-430B-8062-C3A0367C0C81}.Debug|Any CPU.Build.0 = Debug|Any CPU
		{47681981-68D5-430B-8062-C3A0367C0C81}.Release|Any CPU.ActiveCfg = Release|Any CPU
		{47681981-68D5-430B-8062-C3A0367C0C81}.Release|Any CPU.Build.0 = Release|Any CPU
		{2C8B1127-2301-489E-B8B2-0A3BC7A60727}.Debug|Any CPU.ActiveCfg = Debug|Any CPU
		{2C8B1127-2301-489E-B8B2-0A3BC7A60727}.Debug|Any CPU.Build.0 = Debug|Any CPU
		{2C8B1127-2301-489E-B8B2-0A3BC7A60727}.Release|Any CPU.ActiveCfg = Release|Any CPU
		{2C8B1127-2301-489E-B8B2-0A3BC7A60727}.Release|Any CPU.Build.0 = Release|Any CPU
		{1B583B1F-B9E1-4E6A-BF2B-271A83EF312E}.Debug|Any CPU.ActiveCfg = Debug|Any CPU
		{1B583B1F-B9E1-4E6A-BF2B-271A83EF312E}.Debug|Any CPU.Build.0 = Debug|Any CPU
		{1B583B1F-B9E1-4E6A-BF2B-271A83EF312E}.Release|Any CPU.ActiveCfg = Release|Any CPU
		{1B583B1F-B9E1-4E6A-BF2B-271A83EF312E}.Release|Any CPU.Build.0 = Release|Any CPU
		{630F3EB1-4A21-42C5-B274-AA3885861663}.Debug|Any CPU.ActiveCfg = Debug|Any CPU
		{630F3EB1-4A21-42C5-B274-AA3885861663}.Debug|Any CPU.Build.0 = Debug|Any CPU
		{630F3EB1-4A21-42C5-B274-AA3885861663}.Release|Any CPU.ActiveCfg = Release|Any CPU
		{630F3EB1-4A21-42C5-B274-AA3885861663}.Release|Any CPU.Build.0 = Release|Any CPU
		{454DB270-AB00-4AFD-BA33-11818FBA4106}.Debug|Any CPU.ActiveCfg = Debug|Any CPU
		{454DB270-AB00-4AFD-BA33-11818FBA4106}.Debug|Any CPU.Build.0 = Debug|Any CPU
		{454DB270-AB00-4AFD-BA33-11818FBA4106}.Release|Any CPU.ActiveCfg = Release|Any CPU
		{454DB270-AB00-4AFD-BA33-11818FBA4106}.Release|Any CPU.Build.0 = Release|Any CPU
		{C097B954-1FE8-434F-9418-E84CE3CB3CEE}.Debug|Any CPU.ActiveCfg = Debug|Any CPU
		{C097B954-1FE8-434F-9418-E84CE3CB3CEE}.Debug|Any CPU.Build.0 = Debug|Any CPU
		{C097B954-1FE8-434F-9418-E84CE3CB3CEE}.Release|Any CPU.ActiveCfg = Release|Any CPU
		{C097B954-1FE8-434F-9418-E84CE3CB3CEE}.Release|Any CPU.Build.0 = Release|Any CPU
		{511AC5EF-28BF-40B0-8E5C-51E4161E4463}.Debug|Any CPU.ActiveCfg = Debug|Any CPU
		{511AC5EF-28BF-40B0-8E5C-51E4161E4463}.Debug|Any CPU.Build.0 = Debug|Any CPU
		{511AC5EF-28BF-40B0-8E5C-51E4161E4463}.Release|Any CPU.ActiveCfg = Release|Any CPU
		{511AC5EF-28BF-40B0-8E5C-51E4161E4463}.Release|Any CPU.Build.0 = Release|Any CPU
		{E287CDB4-E7AE-40B6-A571-3E91470BE6B9}.Debug|Any CPU.ActiveCfg = Debug|Any CPU
		{E287CDB4-E7AE-40B6-A571-3E91470BE6B9}.Debug|Any CPU.Build.0 = Debug|Any CPU
		{E287CDB4-E7AE-40B6-A571-3E91470BE6B9}.Release|Any CPU.ActiveCfg = Release|Any CPU
		{E287CDB4-E7AE-40B6-A571-3E91470BE6B9}.Release|Any CPU.Build.0 = Release|Any CPU
		{E8949508-0534-4ACA-8E45-18D92021CED6}.Debug|Any CPU.ActiveCfg = Debug|Any CPU
		{E8949508-0534-4ACA-8E45-18D92021CED6}.Debug|Any CPU.Build.0 = Debug|Any CPU
		{E8949508-0534-4ACA-8E45-18D92021CED6}.Release|Any CPU.ActiveCfg = Release|Any CPU
		{E8949508-0534-4ACA-8E45-18D92021CED6}.Release|Any CPU.Build.0 = Release|Any CPU
		{B901B7DB-EDE9-4828-8918-E9612DB443E4}.Debug|Any CPU.ActiveCfg = Debug|Any CPU
		{B901B7DB-EDE9-4828-8918-E9612DB443E4}.Debug|Any CPU.Build.0 = Debug|Any CPU
		{B901B7DB-EDE9-4828-8918-E9612DB443E4}.Release|Any CPU.ActiveCfg = Release|Any CPU
		{B901B7DB-EDE9-4828-8918-E9612DB443E4}.Release|Any CPU.Build.0 = Release|Any CPU
		{8FF3A11C-FD1F-442D-AFA1-E4DEDEA6ABF5}.Debug|Any CPU.ActiveCfg = Debug|Any CPU
		{8FF3A11C-FD1F-442D-AFA1-E4DEDEA6ABF5}.Debug|Any CPU.Build.0 = Debug|Any CPU
		{8FF3A11C-FD1F-442D-AFA1-E4DEDEA6ABF5}.Release|Any CPU.ActiveCfg = Release|Any CPU
		{8FF3A11C-FD1F-442D-AFA1-E4DEDEA6ABF5}.Release|Any CPU.Build.0 = Release|Any CPU
		{601F48D8-7B0C-4479-A0D4-4FF05338A756}.Debug|Any CPU.ActiveCfg = Debug|Any CPU
		{601F48D8-7B0C-4479-A0D4-4FF05338A756}.Debug|Any CPU.Build.0 = Debug|Any CPU
		{601F48D8-7B0C-4479-A0D4-4FF05338A756}.Release|Any CPU.ActiveCfg = Release|Any CPU
		{601F48D8-7B0C-4479-A0D4-4FF05338A756}.Release|Any CPU.Build.0 = Release|Any CPU
		{ECF33090-149B-40F8-89BB-752EFAE12BF4}.Debug|Any CPU.ActiveCfg = Debug|Any CPU
		{ECF33090-149B-40F8-89BB-752EFAE12BF4}.Debug|Any CPU.Build.0 = Debug|Any CPU
		{ECF33090-149B-40F8-89BB-752EFAE12BF4}.Release|Any CPU.ActiveCfg = Release|Any CPU
		{ECF33090-149B-40F8-89BB-752EFAE12BF4}.Release|Any CPU.Build.0 = Release|Any CPU
		{8530BEF3-A880-42C0-AA79-53BDD817D2FC}.Debug|Any CPU.ActiveCfg = Debug|Any CPU
		{8530BEF3-A880-42C0-AA79-53BDD817D2FC}.Debug|Any CPU.Build.0 = Debug|Any CPU
		{8530BEF3-A880-42C0-AA79-53BDD817D2FC}.Release|Any CPU.ActiveCfg = Release|Any CPU
		{8530BEF3-A880-42C0-AA79-53BDD817D2FC}.Release|Any CPU.Build.0 = Release|Any CPU
		{4CA96913-8498-4589-8587-2C04A611DA41}.Debug|Any CPU.ActiveCfg = Debug|Any CPU
		{4CA96913-8498-4589-8587-2C04A611DA41}.Debug|Any CPU.Build.0 = Debug|Any CPU
		{4CA96913-8498-4589-8587-2C04A611DA41}.Release|Any CPU.ActiveCfg = Release|Any CPU
		{4CA96913-8498-4589-8587-2C04A611DA41}.Release|Any CPU.Build.0 = Release|Any CPU
		{0914C326-FC11-4661-9AA0-986A636DFC94}.Debug|Any CPU.ActiveCfg = Debug|Any CPU
		{0914C326-FC11-4661-9AA0-986A636DFC94}.Debug|Any CPU.Build.0 = Debug|Any CPU
		{0914C326-FC11-4661-9AA0-986A636DFC94}.Release|Any CPU.ActiveCfg = Release|Any CPU
		{0914C326-FC11-4661-9AA0-986A636DFC94}.Release|Any CPU.Build.0 = Release|Any CPU
		{4D324B0D-F669-4167-82E6-DCF9E89F3CA7}.Debug|Any CPU.ActiveCfg = Debug|Any CPU
		{4D324B0D-F669-4167-82E6-DCF9E89F3CA7}.Debug|Any CPU.Build.0 = Debug|Any CPU
		{4D324B0D-F669-4167-82E6-DCF9E89F3CA7}.Release|Any CPU.ActiveCfg = Release|Any CPU
		{4D324B0D-F669-4167-82E6-DCF9E89F3CA7}.Release|Any CPU.Build.0 = Release|Any CPU
		{77AE528D-F43A-4066-BFC3-E3D6BB70186C}.Debug|Any CPU.ActiveCfg = Debug|Any CPU
		{77AE528D-F43A-4066-BFC3-E3D6BB70186C}.Debug|Any CPU.Build.0 = Debug|Any CPU
		{77AE528D-F43A-4066-BFC3-E3D6BB70186C}.Release|Any CPU.ActiveCfg = Release|Any CPU
		{77AE528D-F43A-4066-BFC3-E3D6BB70186C}.Release|Any CPU.Build.0 = Release|Any CPU
		{CE60E17B-DBCE-4C0A-A2F2-351C6F7ABB9B}.Debug|Any CPU.ActiveCfg = Debug|Any CPU
		{CE60E17B-DBCE-4C0A-A2F2-351C6F7ABB9B}.Debug|Any CPU.Build.0 = Debug|Any CPU
		{CE60E17B-DBCE-4C0A-A2F2-351C6F7ABB9B}.Release|Any CPU.ActiveCfg = Release|Any CPU
		{CE60E17B-DBCE-4C0A-A2F2-351C6F7ABB9B}.Release|Any CPU.Build.0 = Release|Any CPU
		{C7F036C9-423B-4194-8D10-1C3DB4C4E0BA}.Debug|Any CPU.ActiveCfg = Debug|Any CPU
		{C7F036C9-423B-4194-8D10-1C3DB4C4E0BA}.Debug|Any CPU.Build.0 = Debug|Any CPU
		{C7F036C9-423B-4194-8D10-1C3DB4C4E0BA}.Release|Any CPU.ActiveCfg = Release|Any CPU
		{C7F036C9-423B-4194-8D10-1C3DB4C4E0BA}.Release|Any CPU.Build.0 = Release|Any CPU
		{0D73FBF3-D1BB-417D-9F5B-32828E95FF2C}.Debug|Any CPU.ActiveCfg = Debug|Any CPU
		{0D73FBF3-D1BB-417D-9F5B-32828E95FF2C}.Debug|Any CPU.Build.0 = Debug|Any CPU
		{0D73FBF3-D1BB-417D-9F5B-32828E95FF2C}.Release|Any CPU.ActiveCfg = Release|Any CPU
		{0D73FBF3-D1BB-417D-9F5B-32828E95FF2C}.Release|Any CPU.Build.0 = Release|Any CPU
		{A32E991D-4CE6-43E6-8550-23E4717B1578}.Debug|Any CPU.ActiveCfg = Debug|Any CPU
		{A32E991D-4CE6-43E6-8550-23E4717B1578}.Debug|Any CPU.Build.0 = Debug|Any CPU
		{A32E991D-4CE6-43E6-8550-23E4717B1578}.Release|Any CPU.ActiveCfg = Release|Any CPU
		{A32E991D-4CE6-43E6-8550-23E4717B1578}.Release|Any CPU.Build.0 = Release|Any CPU
		{DFE8D27D-337C-4BA7-AD01-881086A7ED7F}.Debug|Any CPU.ActiveCfg = Debug|Any CPU
		{DFE8D27D-337C-4BA7-AD01-881086A7ED7F}.Debug|Any CPU.Build.0 = Debug|Any CPU
		{DFE8D27D-337C-4BA7-AD01-881086A7ED7F}.Release|Any CPU.ActiveCfg = Release|Any CPU
		{DFE8D27D-337C-4BA7-AD01-881086A7ED7F}.Release|Any CPU.Build.0 = Release|Any CPU
		{93A41039-3E92-42FF-AE72-2EF0700DA527}.Debug|Any CPU.ActiveCfg = Debug|Any CPU
		{93A41039-3E92-42FF-AE72-2EF0700DA527}.Debug|Any CPU.Build.0 = Debug|Any CPU
		{93A41039-3E92-42FF-AE72-2EF0700DA527}.Release|Any CPU.ActiveCfg = Release|Any CPU
		{93A41039-3E92-42FF-AE72-2EF0700DA527}.Release|Any CPU.Build.0 = Release|Any CPU
		{D956CF2F-21BD-436D-9D9E-BD918BD505F6}.Debug|Any CPU.ActiveCfg = Debug|Any CPU
		{D956CF2F-21BD-436D-9D9E-BD918BD505F6}.Debug|Any CPU.Build.0 = Debug|Any CPU
		{D956CF2F-21BD-436D-9D9E-BD918BD505F6}.Release|Any CPU.ActiveCfg = Release|Any CPU
		{D956CF2F-21BD-436D-9D9E-BD918BD505F6}.Release|Any CPU.Build.0 = Release|Any CPU
		{FF33EB25-4520-4664-9F3F-8BB1606EFAEC}.Debug|Any CPU.ActiveCfg = Debug|Any CPU
		{FF33EB25-4520-4664-9F3F-8BB1606EFAEC}.Debug|Any CPU.Build.0 = Debug|Any CPU
		{FF33EB25-4520-4664-9F3F-8BB1606EFAEC}.Release|Any CPU.ActiveCfg = Release|Any CPU
		{FF33EB25-4520-4664-9F3F-8BB1606EFAEC}.Release|Any CPU.Build.0 = Release|Any CPU
		{827AB737-E5BD-4E0E-8AE8-2CC0CB7F5663}.Debug|Any CPU.ActiveCfg = Debug|Any CPU
		{827AB737-E5BD-4E0E-8AE8-2CC0CB7F5663}.Debug|Any CPU.Build.0 = Debug|Any CPU
		{827AB737-E5BD-4E0E-8AE8-2CC0CB7F5663}.Release|Any CPU.ActiveCfg = Release|Any CPU
		{827AB737-E5BD-4E0E-8AE8-2CC0CB7F5663}.Release|Any CPU.Build.0 = Release|Any CPU
		{E58C50D2-9F12-4E9C-81F9-A246F11C8615}.Debug|Any CPU.ActiveCfg = Debug|Any CPU
		{E58C50D2-9F12-4E9C-81F9-A246F11C8615}.Debug|Any CPU.Build.0 = Debug|Any CPU
		{E58C50D2-9F12-4E9C-81F9-A246F11C8615}.Release|Any CPU.ActiveCfg = Release|Any CPU
		{E58C50D2-9F12-4E9C-81F9-A246F11C8615}.Release|Any CPU.Build.0 = Release|Any CPU
		{2D94FB0E-53A4-5AC7-31AA-D57DB04285D5}.Debug|Any CPU.ActiveCfg = Debug|Any CPU
		{2D94FB0E-53A4-5AC7-31AA-D57DB04285D5}.Debug|Any CPU.Build.0 = Debug|Any CPU
		{2D94FB0E-53A4-5AC7-31AA-D57DB04285D5}.Release|Any CPU.ActiveCfg = Release|Any CPU
		{2D94FB0E-53A4-5AC7-31AA-D57DB04285D5}.Release|Any CPU.Build.0 = Release|Any CPU
	EndGlobalSection
	GlobalSection(SolutionProperties) = preSolution
		HideSolutionNode = FALSE
	EndGlobalSection
	GlobalSection(NestedProjects) = preSolution
		{DD935F3A-701E-4C74-97A4-AEB8DA914E57} = {BC53B46E-B2FA-4174-A0A2-326DD554B237}
		{3F91B351-7FB1-4466-8EDA-65777FE10C9B} = {BC53B46E-B2FA-4174-A0A2-326DD554B237}
		{8F4CDC83-470F-4550-8BD9-47BC24BFA58A} = {6F09E8D8-D54E-46B1-875C-987A40094FF5}
		{040CFA10-7D89-4E46-92E0-C73FA99AB8F8} = {D59EEF6C-E2EA-4A78-82CB-BD028A4F0D3D}
		{C31814D6-E4C2-4873-AD78-BB561277BC70} = {D59EEF6C-E2EA-4A78-82CB-BD028A4F0D3D}
		{7560A82B-AABB-4D64-952B-A10979955630} = {D59EEF6C-E2EA-4A78-82CB-BD028A4F0D3D}
		{7A3E9121-FB19-47A8-B01B-7CBAF18ACF8E} = {D59EEF6C-E2EA-4A78-82CB-BD028A4F0D3D}
		{B5F26B50-DE5D-4218-AC40-FF7D4BA0F476} = {D59EEF6C-E2EA-4A78-82CB-BD028A4F0D3D}
		{2E3B5E98-225B-4DDE-AB89-D0A9AE827657} = {D59EEF6C-E2EA-4A78-82CB-BD028A4F0D3D}
		{E7DFFC46-ABE6-4C35-A9C3-7530AFF7CDB5} = {D59EEF6C-E2EA-4A78-82CB-BD028A4F0D3D}
		{6F09E8D8-D54E-46B1-875C-987A40094FF5} = {6BC3FFAC-C517-49AC-85AB-87CD14858148}
		{65A671E4-4025-48B4-8FD0-9C57FECA553A} = {6BC3FFAC-C517-49AC-85AB-87CD14858148}
		{3C8F82FF-CDD1-465E-8A51-2B15847BC8F5} = {F5D0C4D5-7217-4572-A76C-AAC5BEF6219B}
		{B71E95D6-505E-49B7-93F1-BEE6733B966D} = {F5D0C4D5-7217-4572-A76C-AAC5BEF6219B}
		{DA764A5A-1311-4BFC-9EEE-1646413221EF} = {F5D0C4D5-7217-4572-A76C-AAC5BEF6219B}
		{F5D0C4D5-7217-4572-A76C-AAC5BEF6219B} = {65A671E4-4025-48B4-8FD0-9C57FECA553A}
		{C987106F-68D3-4F7E-82C8-2C55036F8A21} = {65A671E4-4025-48B4-8FD0-9C57FECA553A}
		{F97F7A06-7769-477D-8034-250B750B4994} = {F5D0C4D5-7217-4572-A76C-AAC5BEF6219B}
		{1C78DEAC-6392-4657-9D7E-FC6AE9EA10CD} = {F5D0C4D5-7217-4572-A76C-AAC5BEF6219B}
		{9AA0613D-0D40-46AC-AC5F-9888B60B18D0} = {F5D0C4D5-7217-4572-A76C-AAC5BEF6219B}
		{78B9EFA7-FEB6-4024-8491-522F8B8480AE} = {F5D0C4D5-7217-4572-A76C-AAC5BEF6219B}
		{45A7EEBB-B022-4A38-B1CE-DCAC8AD19687} = {F5D0C4D5-7217-4572-A76C-AAC5BEF6219B}
		{C012354D-9B10-4ECA-8E2D-BEA5A0643ECD} = {F5D0C4D5-7217-4572-A76C-AAC5BEF6219B}
		{CAD9D6C9-3393-48CC-A4F8-4C0DF1F53D93} = {D59EEF6C-E2EA-4A78-82CB-BD028A4F0D3D}
		{FAADAA70-3DE3-411F-A679-39D1757B84D9} = {6F09E8D8-D54E-46B1-875C-987A40094FF5}
		{A78DC0F0-49F9-4E0B-A29E-77241B95A5E5} = {F5D0C4D5-7217-4572-A76C-AAC5BEF6219B}
		{ACA466A0-4D34-409B-BF97-D04E3A4CA2D9} = {F5D0C4D5-7217-4572-A76C-AAC5BEF6219B}
		{4F7B7DCD-C13E-417F-B930-BDEC3541604D} = {D59EEF6C-E2EA-4A78-82CB-BD028A4F0D3D}
		{63F33680-54ED-4317-85FF-05A0E9C0D513} = {F5D0C4D5-7217-4572-A76C-AAC5BEF6219B}
		{75DF947E-AAFF-4E52-8334-D937C3C1AFE8} = {F5D0C4D5-7217-4572-A76C-AAC5BEF6219B}
		{3FE7E147-27F1-4BA6-8794-3347F41A19A0} = {F5D0C4D5-7217-4572-A76C-AAC5BEF6219B}
		{8DDF8144-4C32-4F22-BD37-BD560BD14C3B} = {F5D0C4D5-7217-4572-A76C-AAC5BEF6219B}
		{E95B572F-B066-4F73-AC62-42CBBA77D8A5} = {F5D0C4D5-7217-4572-A76C-AAC5BEF6219B}
		{08A38454-3712-4511-9600-94396631BF28} = {F5D0C4D5-7217-4572-A76C-AAC5BEF6219B}
		{4C777E33-A6EC-48BE-A9D1-47D2ACA3BDDB} = {F5D0C4D5-7217-4572-A76C-AAC5BEF6219B}
		{47681981-68D5-430B-8062-C3A0367C0C81} = {F5D0C4D5-7217-4572-A76C-AAC5BEF6219B}
		{73AE8A92-BE9F-40D1-9FED-863CA2CE071C} = {78E6A8DC-83D6-4536-BE17-211B1B1D0D97}
		{2C8B1127-2301-489E-B8B2-0A3BC7A60727} = {F5D0C4D5-7217-4572-A76C-AAC5BEF6219B}
		{1B583B1F-B9E1-4E6A-BF2B-271A83EF312E} = {BC53B46E-B2FA-4174-A0A2-326DD554B237}
		{630F3EB1-4A21-42C5-B274-AA3885861663} = {F5D0C4D5-7217-4572-A76C-AAC5BEF6219B}
		{454DB270-AB00-4AFD-BA33-11818FBA4106} = {F5D0C4D5-7217-4572-A76C-AAC5BEF6219B}
		{C097B954-1FE8-434F-9418-E84CE3CB3CEE} = {F5D0C4D5-7217-4572-A76C-AAC5BEF6219B}
		{511AC5EF-28BF-40B0-8E5C-51E4161E4463} = {F5D0C4D5-7217-4572-A76C-AAC5BEF6219B}
		{E287CDB4-E7AE-40B6-A571-3E91470BE6B9} = {F5D0C4D5-7217-4572-A76C-AAC5BEF6219B}
		{E8949508-0534-4ACA-8E45-18D92021CED6} = {F5D0C4D5-7217-4572-A76C-AAC5BEF6219B}
		{B901B7DB-EDE9-4828-8918-E9612DB443E4} = {F5D0C4D5-7217-4572-A76C-AAC5BEF6219B}
		{8FF3A11C-FD1F-442D-AFA1-E4DEDEA6ABF5} = {F5D0C4D5-7217-4572-A76C-AAC5BEF6219B}
		{601F48D8-7B0C-4479-A0D4-4FF05338A756} = {F5D0C4D5-7217-4572-A76C-AAC5BEF6219B}
		{ECF33090-149B-40F8-89BB-752EFAE12BF4} = {F5D0C4D5-7217-4572-A76C-AAC5BEF6219B}
		{8530BEF3-A880-42C0-AA79-53BDD817D2FC} = {F5D0C4D5-7217-4572-A76C-AAC5BEF6219B}
		{4CA96913-8498-4589-8587-2C04A611DA41} = {F5D0C4D5-7217-4572-A76C-AAC5BEF6219B}
		{0914C326-FC11-4661-9AA0-986A636DFC94} = {F5D0C4D5-7217-4572-A76C-AAC5BEF6219B}
		{4D324B0D-F669-4167-82E6-DCF9E89F3CA7} = {F5D0C4D5-7217-4572-A76C-AAC5BEF6219B}
		{77AE528D-F43A-4066-BFC3-E3D6BB70186C} = {F5D0C4D5-7217-4572-A76C-AAC5BEF6219B}
		{CE60E17B-DBCE-4C0A-A2F2-351C6F7ABB9B} = {F5D0C4D5-7217-4572-A76C-AAC5BEF6219B}
		{C7F036C9-423B-4194-8D10-1C3DB4C4E0BA} = {F5D0C4D5-7217-4572-A76C-AAC5BEF6219B}
		{0D73FBF3-D1BB-417D-9F5B-32828E95FF2C} = {F5D0C4D5-7217-4572-A76C-AAC5BEF6219B}
		{A32E991D-4CE6-43E6-8550-23E4717B1578} = {F5D0C4D5-7217-4572-A76C-AAC5BEF6219B}
		{DFE8D27D-337C-4BA7-AD01-881086A7ED7F} = {F5D0C4D5-7217-4572-A76C-AAC5BEF6219B}
		{93A41039-3E92-42FF-AE72-2EF0700DA527} = {F5D0C4D5-7217-4572-A76C-AAC5BEF6219B}
		{D956CF2F-21BD-436D-9D9E-BD918BD505F6} = {F5D0C4D5-7217-4572-A76C-AAC5BEF6219B}
		{FF33EB25-4520-4664-9F3F-8BB1606EFAEC} = {F5D0C4D5-7217-4572-A76C-AAC5BEF6219B}
		{827AB737-E5BD-4E0E-8AE8-2CC0CB7F5663} = {F5D0C4D5-7217-4572-A76C-AAC5BEF6219B}
		{E58C50D2-9F12-4E9C-81F9-A246F11C8615} = {F5D0C4D5-7217-4572-A76C-AAC5BEF6219B}
		{2D94FB0E-53A4-5AC7-31AA-D57DB04285D5} = {78E6A8DC-83D6-4536-BE17-211B1B1D0D97}
	EndGlobalSection
	GlobalSection(ExtensibilityGlobals) = postSolution
		SolutionGuid = {96A9E85F-A473-4202-B41E-F0E5F3B9AF22}
	EndGlobalSection
	GlobalSection(SharedMSBuildProjectFiles) = preSolution
		go2cs-src.projitems*{73ae8a92-be9f-40d1-9fed-863ca2ce071c}*SharedItemsImports = 13
	EndGlobalSection
EndGlobal
