
Microsoft Visual Studio Solution File, Format Version 12.00
# Visual Studio Version 16
VisualStudioVersion = 16.0.29424.173
MinimumVisualStudioVersion = 10.0.40219.1
Project("{9A19103F-16F7-4668-BE54-9A1E7A4F7556}") = "go2cs", "go2cs\go2cs.csproj", "{DCB4FA2F-9CA3-4535-B9AE-082D076DFB97}"
EndProject
Project("{2150E333-8FDC-42A3-9474-1A3956D46DE8}") = "utilities", "utilities", "{BC53B46E-B2FA-4174-A0A2-326DD554B237}"
EndProject
Project("{2150E333-8FDC-42A3-9474-1A3956D46DE8}") = "go2cs", "go2cs", "{78E6A8DC-83D6-4536-BE17-211B1B1D0D97}"
EndProject
Project("{9A19103F-16F7-4668-BE54-9A1E7A4F7556}") = "GenGoFuncRefInstances", "Utilities\GenGoFuncRefInstances\GenGoFuncRefInstances.csproj", "{DD935F3A-701E-4C74-97A4-AEB8DA914E57}"
EndProject
Project("{2150E333-8FDC-42A3-9474-1A3956D46DE8}") = "tests", "tests", "{6BC3FFAC-C517-49AC-85AB-87CD14858148}"
EndProject
Project("{9A19103F-16F7-4668-BE54-9A1E7A4F7556}") = "CommonTests", "Tests\CommonTests\CommonTests.csproj", "{109341DA-4EDF-4BE0-8DB9-A710284C6AC5}"
EndProject
Project("{9A19103F-16F7-4668-BE54-9A1E7A4F7556}") = "QuickTest", "Utilities\QuickTest\QuickTest.csproj", "{3F91B351-7FB1-4466-8EDA-65777FE10C9B}"
EndProject
Project("{9A19103F-16F7-4668-BE54-9A1E7A4F7556}") = "Antlr4.Runtime", "Utilities\Antlr4.Runtime\Antlr4.Runtime.csproj", "{6F74186C-18DC-4D9C-AC58-E22A67F4A040}"
EndProject
Project("{9A19103F-16F7-4668-BE54-9A1E7A4F7556}") = "CommandLine", "Utilities\CommandLine\CommandLine.csproj", "{23EED589-896E-4288-A241-4588EF7490B3}"
EndProject
Project("{2150E333-8FDC-42A3-9474-1A3956D46DE8}") = "gocore", "gocore", "{D59EEF6C-E2EA-4A78-82CB-BD028A4F0D3D}"
EndProject
Project("{9A19103F-16F7-4668-BE54-9A1E7A4F7556}") = "ChannelTests", "Tests\ChannelTests\ChannelTests.csproj", "{8F4CDC83-470F-4550-8BD9-47BC24BFA58A}"
EndProject
Project("{9A19103F-16F7-4668-BE54-9A1E7A4F7556}") = "golib", "gocore\golib\golib.csproj", "{040CFA10-7D89-4E46-92E0-C73FA99AB8F8}"
EndProject
Project("{9A19103F-16F7-4668-BE54-9A1E7A4F7556}") = "fmt", "gocore\fmt\fmt.csproj", "{C31814D6-E4C2-4873-AD78-BB561277BC70}"
EndProject
Project("{9A19103F-16F7-4668-BE54-9A1E7A4F7556}") = "strings", "gocore\strings\strings.csproj", "{7560A82B-AABB-4D64-952B-A10979955630}"
EndProject
Project("{9A19103F-16F7-4668-BE54-9A1E7A4F7556}") = "errors", "gocore\errors\errors.csproj", "{7A3E9121-FB19-47A8-B01B-7CBAF18ACF8E}"
EndProject
Project("{9A19103F-16F7-4668-BE54-9A1E7A4F7556}") = "io", "gocore\io\io.csproj", "{B5F26B50-DE5D-4218-AC40-FF7D4BA0F476}"
EndProject
Project("{9A19103F-16F7-4668-BE54-9A1E7A4F7556}") = "go2cs.Templates", "go2cs.Templates\go2cs.Templates.csproj", "{84F074BF-8CCC-442A-B41B-822A33976F54}"
EndProject
Project("{9A19103F-16F7-4668-BE54-9A1E7A4F7556}") = "go2cs.Common", "go2cs.Common\go2cs.Common.csproj", "{F961BB09-441C-4A6B-9EEC-05AB908B7935}"
EndProject
Project("{9A19103F-16F7-4668-BE54-9A1E7A4F7556}") = "sync", "gocore\sync\sync.csproj", "{2E3B5E98-225B-4DDE-AB89-D0A9AE827657}"
EndProject
Project("{9A19103F-16F7-4668-BE54-9A1E7A4F7556}") = "time", "gocore\time\time.csproj", "{E7DFFC46-ABE6-4C35-A9C3-7530AFF7CDB5}"
EndProject
Project("{2150E333-8FDC-42A3-9474-1A3956D46DE8}") = "docs", "docs", "{8862BC7D-C577-4972-8995-B217B51EC948}"
	ProjectSection(SolutionItems) = preProject
		..\docs\Background.md = ..\docs\Background.md
		..\docs\ConversionStrategies.md = ..\docs\ConversionStrategies.md
		..\docs\README.md = ..\docs\README.md
	EndProjectSection
EndProject
Global
	GlobalSection(SolutionConfigurationPlatforms) = preSolution
		Debug|Any CPU = Debug|Any CPU
		Release|Any CPU = Release|Any CPU
	EndGlobalSection
	GlobalSection(ProjectConfigurationPlatforms) = postSolution
		{DCB4FA2F-9CA3-4535-B9AE-082D076DFB97}.Debug|Any CPU.ActiveCfg = Debug|Any CPU
		{DCB4FA2F-9CA3-4535-B9AE-082D076DFB97}.Debug|Any CPU.Build.0 = Debug|Any CPU
		{DCB4FA2F-9CA3-4535-B9AE-082D076DFB97}.Release|Any CPU.ActiveCfg = Release|Any CPU
		{DCB4FA2F-9CA3-4535-B9AE-082D076DFB97}.Release|Any CPU.Build.0 = Release|Any CPU
		{DD935F3A-701E-4C74-97A4-AEB8DA914E57}.Debug|Any CPU.ActiveCfg = Debug|Any CPU
		{DD935F3A-701E-4C74-97A4-AEB8DA914E57}.Debug|Any CPU.Build.0 = Debug|Any CPU
		{DD935F3A-701E-4C74-97A4-AEB8DA914E57}.Release|Any CPU.ActiveCfg = Release|Any CPU
		{DD935F3A-701E-4C74-97A4-AEB8DA914E57}.Release|Any CPU.Build.0 = Release|Any CPU
		{109341DA-4EDF-4BE0-8DB9-A710284C6AC5}.Debug|Any CPU.ActiveCfg = Debug|Any CPU
		{109341DA-4EDF-4BE0-8DB9-A710284C6AC5}.Debug|Any CPU.Build.0 = Debug|Any CPU
		{109341DA-4EDF-4BE0-8DB9-A710284C6AC5}.Release|Any CPU.ActiveCfg = Release|Any CPU
		{109341DA-4EDF-4BE0-8DB9-A710284C6AC5}.Release|Any CPU.Build.0 = Release|Any CPU
		{3F91B351-7FB1-4466-8EDA-65777FE10C9B}.Debug|Any CPU.ActiveCfg = Debug|Any CPU
		{3F91B351-7FB1-4466-8EDA-65777FE10C9B}.Debug|Any CPU.Build.0 = Debug|Any CPU
		{3F91B351-7FB1-4466-8EDA-65777FE10C9B}.Release|Any CPU.ActiveCfg = Release|Any CPU
		{3F91B351-7FB1-4466-8EDA-65777FE10C9B}.Release|Any CPU.Build.0 = Release|Any CPU
		{6F74186C-18DC-4D9C-AC58-E22A67F4A040}.Debug|Any CPU.ActiveCfg = Debug|Any CPU
		{6F74186C-18DC-4D9C-AC58-E22A67F4A040}.Debug|Any CPU.Build.0 = Debug|Any CPU
		{6F74186C-18DC-4D9C-AC58-E22A67F4A040}.Release|Any CPU.ActiveCfg = Release|Any CPU
		{6F74186C-18DC-4D9C-AC58-E22A67F4A040}.Release|Any CPU.Build.0 = Release|Any CPU
		{23EED589-896E-4288-A241-4588EF7490B3}.Debug|Any CPU.ActiveCfg = Debug|Any CPU
		{23EED589-896E-4288-A241-4588EF7490B3}.Debug|Any CPU.Build.0 = Debug|Any CPU
		{23EED589-896E-4288-A241-4588EF7490B3}.Release|Any CPU.ActiveCfg = Release|Any CPU
		{23EED589-896E-4288-A241-4588EF7490B3}.Release|Any CPU.Build.0 = Release|Any CPU
		{8F4CDC83-470F-4550-8BD9-47BC24BFA58A}.Debug|Any CPU.ActiveCfg = Debug|Any CPU
		{8F4CDC83-470F-4550-8BD9-47BC24BFA58A}.Debug|Any CPU.Build.0 = Debug|Any CPU
		{8F4CDC83-470F-4550-8BD9-47BC24BFA58A}.Release|Any CPU.ActiveCfg = Release|Any CPU
		{8F4CDC83-470F-4550-8BD9-47BC24BFA58A}.Release|Any CPU.Build.0 = Release|Any CPU
		{040CFA10-7D89-4E46-92E0-C73FA99AB8F8}.Debug|Any CPU.ActiveCfg = Debug|Any CPU
		{040CFA10-7D89-4E46-92E0-C73FA99AB8F8}.Debug|Any CPU.Build.0 = Debug|Any CPU
		{040CFA10-7D89-4E46-92E0-C73FA99AB8F8}.Release|Any CPU.ActiveCfg = Release|Any CPU
		{040CFA10-7D89-4E46-92E0-C73FA99AB8F8}.Release|Any CPU.Build.0 = Release|Any CPU
		{C31814D6-E4C2-4873-AD78-BB561277BC70}.Debug|Any CPU.ActiveCfg = Debug|Any CPU
		{C31814D6-E4C2-4873-AD78-BB561277BC70}.Debug|Any CPU.Build.0 = Debug|Any CPU
		{C31814D6-E4C2-4873-AD78-BB561277BC70}.Release|Any CPU.ActiveCfg = Release|Any CPU
		{C31814D6-E4C2-4873-AD78-BB561277BC70}.Release|Any CPU.Build.0 = Release|Any CPU
		{7560A82B-AABB-4D64-952B-A10979955630}.Debug|Any CPU.ActiveCfg = Debug|Any CPU
		{7560A82B-AABB-4D64-952B-A10979955630}.Debug|Any CPU.Build.0 = Debug|Any CPU
		{7560A82B-AABB-4D64-952B-A10979955630}.Release|Any CPU.ActiveCfg = Release|Any CPU
		{7560A82B-AABB-4D64-952B-A10979955630}.Release|Any CPU.Build.0 = Release|Any CPU
		{7A3E9121-FB19-47A8-B01B-7CBAF18ACF8E}.Debug|Any CPU.ActiveCfg = Debug|Any CPU
		{7A3E9121-FB19-47A8-B01B-7CBAF18ACF8E}.Debug|Any CPU.Build.0 = Debug|Any CPU
		{7A3E9121-FB19-47A8-B01B-7CBAF18ACF8E}.Release|Any CPU.ActiveCfg = Release|Any CPU
		{7A3E9121-FB19-47A8-B01B-7CBAF18ACF8E}.Release|Any CPU.Build.0 = Release|Any CPU
		{B5F26B50-DE5D-4218-AC40-FF7D4BA0F476}.Debug|Any CPU.ActiveCfg = Debug|Any CPU
		{B5F26B50-DE5D-4218-AC40-FF7D4BA0F476}.Debug|Any CPU.Build.0 = Debug|Any CPU
		{B5F26B50-DE5D-4218-AC40-FF7D4BA0F476}.Release|Any CPU.ActiveCfg = Release|Any CPU
		{B5F26B50-DE5D-4218-AC40-FF7D4BA0F476}.Release|Any CPU.Build.0 = Release|Any CPU
		{84F074BF-8CCC-442A-B41B-822A33976F54}.Debug|Any CPU.ActiveCfg = Debug|Any CPU
		{84F074BF-8CCC-442A-B41B-822A33976F54}.Debug|Any CPU.Build.0 = Debug|Any CPU
		{84F074BF-8CCC-442A-B41B-822A33976F54}.Release|Any CPU.ActiveCfg = Release|Any CPU
		{84F074BF-8CCC-442A-B41B-822A33976F54}.Release|Any CPU.Build.0 = Release|Any CPU
		{F961BB09-441C-4A6B-9EEC-05AB908B7935}.Debug|Any CPU.ActiveCfg = Debug|Any CPU
		{F961BB09-441C-4A6B-9EEC-05AB908B7935}.Debug|Any CPU.Build.0 = Debug|Any CPU
		{F961BB09-441C-4A6B-9EEC-05AB908B7935}.Release|Any CPU.ActiveCfg = Release|Any CPU
		{F961BB09-441C-4A6B-9EEC-05AB908B7935}.Release|Any CPU.Build.0 = Release|Any CPU
		{2E3B5E98-225B-4DDE-AB89-D0A9AE827657}.Debug|Any CPU.ActiveCfg = Debug|Any CPU
		{2E3B5E98-225B-4DDE-AB89-D0A9AE827657}.Debug|Any CPU.Build.0 = Debug|Any CPU
		{2E3B5E98-225B-4DDE-AB89-D0A9AE827657}.Release|Any CPU.ActiveCfg = Release|Any CPU
		{2E3B5E98-225B-4DDE-AB89-D0A9AE827657}.Release|Any CPU.Build.0 = Release|Any CPU
		{E7DFFC46-ABE6-4C35-A9C3-7530AFF7CDB5}.Debug|Any CPU.ActiveCfg = Debug|Any CPU
		{E7DFFC46-ABE6-4C35-A9C3-7530AFF7CDB5}.Debug|Any CPU.Build.0 = Debug|Any CPU
		{E7DFFC46-ABE6-4C35-A9C3-7530AFF7CDB5}.Release|Any CPU.ActiveCfg = Release|Any CPU
		{E7DFFC46-ABE6-4C35-A9C3-7530AFF7CDB5}.Release|Any CPU.Build.0 = Release|Any CPU
	EndGlobalSection
	GlobalSection(SolutionProperties) = preSolution
		HideSolutionNode = FALSE
	EndGlobalSection
	GlobalSection(NestedProjects) = preSolution
		{DCB4FA2F-9CA3-4535-B9AE-082D076DFB97} = {78E6A8DC-83D6-4536-BE17-211B1B1D0D97}
		{DD935F3A-701E-4C74-97A4-AEB8DA914E57} = {BC53B46E-B2FA-4174-A0A2-326DD554B237}
		{109341DA-4EDF-4BE0-8DB9-A710284C6AC5} = {6BC3FFAC-C517-49AC-85AB-87CD14858148}
		{3F91B351-7FB1-4466-8EDA-65777FE10C9B} = {BC53B46E-B2FA-4174-A0A2-326DD554B237}
		{6F74186C-18DC-4D9C-AC58-E22A67F4A040} = {BC53B46E-B2FA-4174-A0A2-326DD554B237}
		{23EED589-896E-4288-A241-4588EF7490B3} = {BC53B46E-B2FA-4174-A0A2-326DD554B237}
		{8F4CDC83-470F-4550-8BD9-47BC24BFA58A} = {6BC3FFAC-C517-49AC-85AB-87CD14858148}
		{040CFA10-7D89-4E46-92E0-C73FA99AB8F8} = {D59EEF6C-E2EA-4A78-82CB-BD028A4F0D3D}
		{C31814D6-E4C2-4873-AD78-BB561277BC70} = {D59EEF6C-E2EA-4A78-82CB-BD028A4F0D3D}
		{7560A82B-AABB-4D64-952B-A10979955630} = {D59EEF6C-E2EA-4A78-82CB-BD028A4F0D3D}
		{7A3E9121-FB19-47A8-B01B-7CBAF18ACF8E} = {D59EEF6C-E2EA-4A78-82CB-BD028A4F0D3D}
		{B5F26B50-DE5D-4218-AC40-FF7D4BA0F476} = {D59EEF6C-E2EA-4A78-82CB-BD028A4F0D3D}
		{84F074BF-8CCC-442A-B41B-822A33976F54} = {78E6A8DC-83D6-4536-BE17-211B1B1D0D97}
		{F961BB09-441C-4A6B-9EEC-05AB908B7935} = {78E6A8DC-83D6-4536-BE17-211B1B1D0D97}
		{2E3B5E98-225B-4DDE-AB89-D0A9AE827657} = {D59EEF6C-E2EA-4A78-82CB-BD028A4F0D3D}
		{E7DFFC46-ABE6-4C35-A9C3-7530AFF7CDB5} = {D59EEF6C-E2EA-4A78-82CB-BD028A4F0D3D}
	EndGlobalSection
	GlobalSection(ExtensibilityGlobals) = postSolution
		SolutionGuid = {96A9E85F-A473-4202-B41E-F0E5F3B9AF22}
	EndGlobalSection
EndGlobal
